<?xml version="1.0" encoding="UTF-8" standalone="yes" ?>
<CodeBlocks_project_file>
	<FileVersion major="1" minor="6" />
	<Project>
		<Option title="Machine" />
		<Option pch_mode="2" />
		<Option compiler="gcc" />
		<Build>
			<Target title="Debug">
				<Option output="libMachine" prefix_auto="1" extension_auto="1" />
				<Option working_dir="" />
				<Option object_output="obj/Debug/" />
				<Option type="2" />
				<Option compiler="gcc" />
				<Option createDefFile="1" />
				<Compiler>
					<Add option="-Wall" />
					<Add option="-g" />
				</Compiler>
			</Target>
			<Target title="Release">
				<Option output="libMachine" prefix_auto="1" extension_auto="1" />
				<Option working_dir="" />
				<Option object_output="obj/Release/" />
				<Option type="2" />
				<Option compiler="gcc" />
				<Option createDefFile="1" />
				<Compiler>
					<Add option="-Wall" />
					<Add option="-O2" />
				</Compiler>
				<Linker>
					<Add option="-s" />
				</Linker>
			</Target>
		</Build>
		<Compiler>
			<Add directory="../LinuxPlatform" />
			<Add directory="../Gameboy" />
			<Add directory="../Machine" />
			<Add directory="../Utility" />
		</Compiler>
		<Unit filename="IEmulatedDisplay.h" />
		<Unit filename="IEmulatedInput.h" />
		<Unit filename="IEmulatedMachine.h" />
		<Unit filename="IEmulatedMemory.h" />
		<Unit filename="IEmulatedProcessor.h" />
		<Unit filename="IEmulatedSound.h" />
		<Unit filename="IMachineToApplication.h" />
		<Unit filename="MachineFactory.cpp" />
		<Unit filename="MachineFactory.h" />
		<Unit filename="MachineIncludes.h" />
		<Unit filename="MachineSerialization.cpp" />
		<Unit filename="MachineSerialization.h" />
		<Unit filename="MachineTypes.h" />
		<Unit filename="ScreenBuffer.cpp" />
		<Unit filename="ScreenBuffer.h" />
		<Unit filename="TScreenBuffer.hpp" />
		<Extensions>
			<code_completion />
			<debugger />
		</Extensions>
	</Project>
</CodeBlocks_project_file>
