<?xml version="1.0" encoding="UTF-8" standalone="yes" ?>
<CodeBlocks_project_file>
	<FileVersion major="1" minor="6" />
	<Project>
		<Option title="Serialization" />
		<Option pch_mode="2" />
		<Option compiler="gcc" />
		<Build>
			<Target title="Debug">
				<Option output="libSerialization" prefix_auto="1" extension_auto="1" />
				<Option working_dir="" />
				<Option type="2" />
				<Option compiler="gcc" />
				<Option createDefFile="1" />
				<Compiler>
					<Add option="-Wall" />
				</Compiler>
			</Target>
			<Target title="Release">
				<Option output="libSerialization" prefix_auto="1" extension_auto="1" />
				<Option working_dir="" />
				<Option type="2" />
				<Option compiler="gcc" />
				<Option createDefFile="1" />
				<Compiler>
					<Add option="-march=core2" />
					<Add option="-fexpensive-optimizations" />
					<Add option="-O3" />
					<Add option="-Wall" />
				</Compiler>
			</Target>
		</Build>
		<Compiler>
			<Add option="-std=c++0x" />
			<Add option="-Wall" />
			<Add directory="..\..\Platform" />
		</Compiler>
		<Unit filename="Archive.cpp" />
		<Unit filename="Archive.h" />
		<Unit filename="FileSerializer.cpp" />
		<Unit filename="FileSerializer.h" />
		<Unit filename="ISerializer.h" />
		<Unit filename="MemorySerializer.cpp" />
		<Unit filename="MemorySerializer.h" />
		<Unit filename="SerializationIncludes.h" />
		<Unit filename="SerializeItem.cpp" />
		<Unit filename="SerializeItem.h" />
		<Extensions>
			<code_completion />
			<debugger />
			<envvars />
		</Extensions>
	</Project>
</CodeBlocks_project_file>
