<?xml version="1.0" encoding="utf-8"?>
<Project ToolsVersion="4.0" xmlns="http://schemas.microsoft.com/developer/msbuild/2003">
  <ItemGroup>
    <Filter Include="Source Files">
      <UniqueIdentifier>{4FC737F1-C7A5-4376-A066-2A32D752A2FF}</UniqueIdentifier>
      <Extensions>cpp;c;cc;cxx;def;odl;idl;hpj;bat;asm;asmx</Extensions>
    </Filter>
    <Filter Include="Header Files">
      <UniqueIdentifier>{93995380-89BD-4b04-88EB-625FBE52EBFB}</UniqueIdentifier>
      <Extensions>h;hpp;hxx;hm;inl;inc;xsd</Extensions>
    </Filter>
    <Filter Include="Machine Features">
      <UniqueIdentifier>{3574e9fc-a2ec-406d-9231-8a61c0b65dd4}</UniqueIdentifier>
    </Filter>
    <Filter Include="Machine Features\Gui">
      <UniqueIdentifier>{45d85381-2aa9-4277-82ac-74f6716dc673}</UniqueIdentifier>
    </Filter>
    <Filter Include="Machine Features\Input Recorder">
      <UniqueIdentifier>{5c00dde1-49c4-4951-bdcf-3bbb2910ce0e}</UniqueIdentifier>
    </Filter>
    <Filter Include="Machine Features\Rewinder">
      <UniqueIdentifier>{b103f982-315b-4438-8c2a-9e8557635694}</UniqueIdentifier>
    </Filter>
  </ItemGroup>
  <ItemGroup>
    <ClInclude Include="base_application.h">
      <Filter>Header Files</Filter>
    </ClInclude>
    <ClInclude Include="command_trie.h">
      <Filter>Header Files</Filter>
    </ClInclude>
    <ClInclude Include="input_manager.h">
      <Filter>Header Files</Filter>
    </ClInclude>
    <ClInclude Include="machine_runner.h">
      <Filter>Header Files</Filter>
    </ClInclude>
    <ClInclude Include="user_interface.h">
      <Filter>Header Files</Filter>
    </ClInclude>
    <ClInclude Include="machine_feature.h">
      <Filter>Machine Features</Filter>
    </ClInclude>
    <ClInclude Include="gui.h">
      <Filter>Machine Features\Gui</Filter>
    </ClInclude>
    <ClInclude Include="kings_dream.h">
      <Filter>Machine Features\Gui</Filter>
    </ClInclude>
    <ClInclude Include="input_recording.h">
      <Filter>Machine Features\Input Recorder</Filter>
    </ClInclude>
    <ClInclude Include="rewinder.h">
      <Filter>Machine Features\Rewinder</Filter>
    </ClInclude>
  </ItemGroup>
  <ItemGroup>
    <ClCompile Include="base_application.cpp">
      <Filter>Source Files</Filter>
    </ClCompile>
    <ClCompile Include="command_trie.cpp">
      <Filter>Source Files</Filter>
    </ClCompile>
    <ClCompile Include="input_manager.cpp">
      <Filter>Source Files</Filter>
    </ClCompile>
    <ClCompile Include="machine_runner.cpp">
      <Filter>Source Files</Filter>
    </ClCompile>
    <ClCompile Include="machine_feature.cpp">
      <Filter>Machine Features</Filter>
    </ClCompile>
    <ClCompile Include="gui.cpp">
      <Filter>Machine Features\Gui</Filter>
    </ClCompile>
    <ClCompile Include="kings_dream.cpp">
      <Filter>Machine Features\Gui</Filter>
    </ClCompile>
    <ClCompile Include="input_recording.cpp">
      <Filter>Machine Features\Input Recorder</Filter>
    </ClCompile>
    <ClCompile Include="rewinder.cpp">
      <Filter>Machine Features\Rewinder</Filter>
    </ClCompile>
  </ItemGroup>
</Project>