<?xml version="1.0" encoding="UTF-8" standalone="yes" ?>
<CodeBlocks_project_file>
	<FileVersion major="1" minor="6" />
	<Project>
		<Option title="WindowsApplication" />
		<Option platforms="Windows;" />
		<Option pch_mode="2" />
		<Option compiler="gcc" />
		<Build>
			<Target title="Debug">
				<Option output="bin\Debug\WindowsApplication" prefix_auto="1" extension_auto="1" />
				<Option object_output="obj\Debug\" />
				<Option type="1" />
				<Option compiler="gcc" />
				<Compiler>
					<Add option="-Wall" />
					<Add option="-g" />
				</Compiler>
			</Target>
			<Target title="Release">
				<Option output="bin\Release\WindowsApplication" prefix_auto="1" extension_auto="1" />
				<Option object_output="obj\Release\" />
				<Option type="1" />
				<Option compiler="gcc" />
				<Compiler>
					<Add option="-O2" />
					<Add option="-Wall" />
				</Compiler>
				<Linker>
					<Add option="-s" />
				</Linker>
			</Target>
		</Build>
		<Compiler>
			<Add option="-Wall" />
			<Add option="-std=gnu++0x" />
			<Add option="-DWINVER=0x0501" />
			<Add option="-D_WIN32_WINNT=0x0501" />
			<Add directory="..\BaseApplication" />
			<Add directory="..\Machine" />
			<Add directory="..\Platform" />
			<Add directory="..\Utility" />
			<Add directory="Emunisce" />
			<Add directory="GdiPlusRenderer" />
			<Add directory="KeyboardInput" />
			<Add directory="WaveOutSound" />
		</Compiler>
		<Linker>
			<Add library="..\BaseApplication\OpenGLRenderer\libOpenGLRenderer.a" />
			<Add library="..\BaseApplication\BaseApplication\libBaseApplication.a" />
			<Add library="..\Gameboy\libGameboy.a" />
			<Add library="..\Machine\libMachine.a" />
			<Add library="..\Utility\Serialization\libSerialization.a" />
			<Add library="..\Utility\HqNx\libHqNx.a" />
			<Add library="..\WindowsPlatform\libWindowsPlatform.a" />
			<Add library="shell32" />
			<Add library="shlwapi" />
			<Add library="winmm" />
			<Add library="gdiplus" />
			<Add library="opengl32" />
			<Add library="gdi32" />
			<Add library="comdlg32" />
		</Linker>
		<Unit filename="Emunisce\ConsoleDebugger.cpp" />
		<Unit filename="Emunisce\ConsoleDebugger.h" />
		<Unit filename="Emunisce\Emunisce.cpp" />
		<Unit filename="Emunisce\Emunisce.h" />
		<Unit filename="Emunisce\Main.cpp" />
		<Unit filename="GdiPlusRenderer\GdiPlusRenderer.cpp" />
		<Unit filename="GdiPlusRenderer\GdiPlusRenderer.h" />
		<Unit filename="KeyboardInput\KeyboardInput.cpp" />
		<Unit filename="KeyboardInput\KeyboardInput.h" />
		<Unit filename="WaveOutSound\WaveOutSound.cpp" />
		<Unit filename="WaveOutSound\WaveOutSound.h" />
		<Extensions>
			<code_completion />
			<envvars />
			<debugger />
		</Extensions>
	</Project>
</CodeBlocks_project_file>
