
Microsoft Visual Studio Solution File, Format Version 12.00
# Visual Studio 15
VisualStudioVersion = 15.0.28307.852
MinimumVisualStudioVersion = 10.0.40219.1
Project("{2150E333-8FDC-42A3-9474-1A3956D46DE8}") = "Machine Layer", "Machine Layer", "{DA5A19BC-BB41-4B1F-80B3-94E45B07EF34}"
EndProject
Project("{2150E333-8FDC-42A3-9474-1A3956D46DE8}") = "Application Layer", "Application Layer", "{0BD32B90-6E80-44F3-8328-EB69CC7AEFDD}"
EndProject
Project("{2150E333-8FDC-42A3-9474-1A3956D46DE8}") = "Platform Layer", "Platform Layer", "{3F3FABC8-BD1D-46B3-A631-A951CF6097D9}"
EndProject
Project("{2150E333-8FDC-42A3-9474-1A3956D46DE8}") = "Utility Layer", "Utility Layer", "{A9590955-5A94-443E-B859-4460174C8CB2}"
EndProject
Project("{8BC9CEB8-8B4A-11D0-8D11-00A0C91BC942}") = "Gameboy", "Gameboy\Gameboy.vcxproj", "{9D59F9E7-2668-4089-9AAB-E609DF7D6CAD}"
EndProject
Project("{8BC9CEB8-8B4A-11D0-8D11-00A0C91BC942}") = "Machine", "Machine\Machine.vcxproj", "{6A47E539-4CFD-423B-B93A-B7CB5B1CE7D1}"
EndProject
Project("{2150E333-8FDC-42A3-9474-1A3956D46DE8}") = "Win32Application", "Win32Application", "{C1C79913-B103-4165-A63A-09B538EE04B6}"
EndProject
Project("{8BC9CEB8-8B4A-11D0-8D11-00A0C91BC942}") = "GdiPlusRenderer", "WindowsApplication\GdiPlusRenderer\GdiPlusRenderer.vcxproj", "{EC091F82-1E1C-4B24-A41E-899CF6458295}"
EndProject
Project("{8BC9CEB8-8B4A-11D0-8D11-00A0C91BC942}") = "WaveOutSound", "WindowsApplication\WaveOutSound\WaveOutSound.vcxproj", "{B47D9786-8300-4349-AB06-5FCE239DA5C5}"
EndProject
Project("{8BC9CEB8-8B4A-11D0-8D11-00A0C91BC942}") = "HqNx", "Utility\HqNx\HqNx.vcxproj", "{F80EC023-B987-4B57-B756-95DC6A8447BD}"
EndProject
Project("{8BC9CEB8-8B4A-11D0-8D11-00A0C91BC942}") = "Serialization", "Utility\Serialization\Serialization.vcxproj", "{7DA30EA8-57A1-46F1-AF7A-C9DDEA094396}"
EndProject
Project("{8BC9CEB8-8B4A-11D0-8D11-00A0C91BC942}") = "Emunisce", "WindowsApplication\Emunisce\Emunisce.vcxproj", "{ABBF9FBE-F84E-4383-BBC3-2836879E5A87}"
EndProject
Project("{2150E333-8FDC-42A3-9474-1A3956D46DE8}") = "wxWidgetsApplication", "wxWidgetsApplication", "{51D9B364-87E8-40CA-BEB1-19495969E022}"
EndProject
Project("{8BC9CEB8-8B4A-11D0-8D11-00A0C91BC942}") = "wxApplication", "wxApplication\wxApplication.vcxproj", "{03651BEF-6317-48D6-A248-6AC00A18CD11}"
EndProject
Project("{2150E333-8FDC-42A3-9474-1A3956D46DE8}") = "BaseApplication", "BaseApplication", "{BB1BC8A6-CC11-4E1C-8E83-A105B5AB538C}"
EndProject
Project("{8BC9CEB8-8B4A-11D0-8D11-00A0C91BC942}") = "Platform", "Platform\Platform.vcxproj", "{D7E7C4F1-5404-450C-AD82-BD9883635D1C}"
EndProject
Project("{8BC9CEB8-8B4A-11D0-8D11-00A0C91BC942}") = "BaseApplication", "BaseApplication\BaseApplication\BaseApplication.vcxproj", "{CF7183BB-C90F-4C19-B0C1-9932AD2ABE58}"
EndProject
Project("{8BC9CEB8-8B4A-11D0-8D11-00A0C91BC942}") = "OpenGLRenderer", "BaseApplication\OpenGLRenderer\OpenGLRenderer.vcxproj", "{4913CBB4-2D7D-4D39-B3C2-1440EBFF3953}"
EndProject
Project("{2150E333-8FDC-42A3-9474-1A3956D46DE8}") = "Bazel Builds", "Bazel Builds", "{91EFE501-ADA9-439A-8DCF-43E71B95CBA5}"
EndProject
Project("{8BC9CEB8-8B4A-11D0-8D11-00A0C91BC942}") = "bazel-win32", "bazel_vs\bazel-win32.vcxproj", "{32FDCB25-1CBD-4ADE-A0DE-2B7ED1ACFF7F}"
EndProject
Project("{8BC9CEB8-8B4A-11D0-8D11-00A0C91BC942}") = "bazel-wx", "bazel_vs\bazel-wx.vcxproj", "{77908F28-9071-48C0-B528-F20A3E086E4D}"
EndProject
Project("{2150E333-8FDC-42A3-9474-1A3956D46DE8}") = "Solution Items", "Solution Items", "{C660B3B1-EDB5-4664-BF2F-2773067E74BB}"
	ProjectSection(SolutionItems) = preProject
		.gitignore = .gitignore
	EndProjectSection
EndProject
Project("{8BC9CEB8-8B4A-11D0-8D11-00A0C91BC942}") = "Win32Common", "WindowsApplication\Win32Common\Win32Common.vcxproj", "{179A002E-8F22-4252-987E-2653363DAA7F}"
EndProject
Global
	GlobalSection(SolutionConfigurationPlatforms) = preSolution
		Bazel Win32 Debug|x64 = Bazel Win32 Debug|x64
		Bazel Win32 Debug|x86 = Bazel Win32 Debug|x86
		Bazel Win32 Release|x64 = Bazel Win32 Release|x64
		Bazel Win32 Release|x86 = Bazel Win32 Release|x86
		Bazel wx Debug|x64 = Bazel wx Debug|x64
		Bazel wx Debug|x86 = Bazel wx Debug|x86
		Bazel wx Release|x64 = Bazel wx Release|x64
		Bazel wx Release|x86 = Bazel wx Release|x86
		Debug|x64 = Debug|x64
		Debug|x86 = Debug|x86
		Release|x64 = Release|x64
		Release|x86 = Release|x86
		Win32 Debug|x64 = Win32 Debug|x64
		Win32 Debug|x86 = Win32 Debug|x86
		Win32 Release|x64 = Win32 Release|x64
		Win32 Release|x86 = Win32 Release|x86
		wx Debug|x64 = wx Debug|x64
		wx Debug|x86 = wx Debug|x86
		wx Release|x64 = wx Release|x64
		wx Release|x86 = wx Release|x86
	EndGlobalSection
	GlobalSection(ProjectConfigurationPlatforms) = postSolution
		{9D59F9E7-2668-4089-9AAB-E609DF7D6CAD}.Bazel Win32 Debug|x64.ActiveCfg = Bazel Win32 Debug|x64
		{9D59F9E7-2668-4089-9AAB-E609DF7D6CAD}.Bazel Win32 Debug|x86.ActiveCfg = Bazel Win32 Debug|Win32
		{9D59F9E7-2668-4089-9AAB-E609DF7D6CAD}.Bazel Win32 Debug|x86.Build.0 = Bazel Win32 Debug|Win32
		{9D59F9E7-2668-4089-9AAB-E609DF7D6CAD}.Bazel Win32 Release|x64.ActiveCfg = Bazel Win32 Release|x64
		{9D59F9E7-2668-4089-9AAB-E609DF7D6CAD}.Bazel Win32 Release|x86.ActiveCfg = Bazel Win32 Release|Win32
		{9D59F9E7-2668-4089-9AAB-E609DF7D6CAD}.Bazel Win32 Release|x86.Build.0 = Bazel Win32 Release|Win32
		{9D59F9E7-2668-4089-9AAB-E609DF7D6CAD}.Bazel wx Debug|x64.ActiveCfg = Bazel wx Debug|x64
		{9D59F9E7-2668-4089-9AAB-E609DF7D6CAD}.Bazel wx Debug|x86.ActiveCfg = Bazel wx Debug|Win32
		{9D59F9E7-2668-4089-9AAB-E609DF7D6CAD}.Bazel wx Debug|x86.Build.0 = Bazel wx Debug|Win32
		{9D59F9E7-2668-4089-9AAB-E609DF7D6CAD}.Bazel wx Release|x64.ActiveCfg = Bazel wx Release|x64
		{9D59F9E7-2668-4089-9AAB-E609DF7D6CAD}.Bazel wx Release|x86.ActiveCfg = Bazel wx Release|Win32
		{9D59F9E7-2668-4089-9AAB-E609DF7D6CAD}.Bazel wx Release|x86.Build.0 = Bazel wx Release|Win32
		{9D59F9E7-2668-4089-9AAB-E609DF7D6CAD}.Debug|x64.ActiveCfg = Debug|x64
		{9D59F9E7-2668-4089-9AAB-E609DF7D6CAD}.Debug|x64.Build.0 = Debug|x64
		{9D59F9E7-2668-4089-9AAB-E609DF7D6CAD}.Debug|x86.ActiveCfg = Debug|Win32
		{9D59F9E7-2668-4089-9AAB-E609DF7D6CAD}.Debug|x86.Build.0 = Debug|Win32
		{9D59F9E7-2668-4089-9AAB-E609DF7D6CAD}.Release|x64.ActiveCfg = Release|x64
		{9D59F9E7-2668-4089-9AAB-E609DF7D6CAD}.Release|x64.Build.0 = Release|x64
		{9D59F9E7-2668-4089-9AAB-E609DF7D6CAD}.Release|x86.ActiveCfg = Release|Win32
		{9D59F9E7-2668-4089-9AAB-E609DF7D6CAD}.Release|x86.Build.0 = Release|Win32
		{9D59F9E7-2668-4089-9AAB-E609DF7D6CAD}.Win32 Debug|x64.ActiveCfg = Debug|x64
		{9D59F9E7-2668-4089-9AAB-E609DF7D6CAD}.Win32 Debug|x64.Build.0 = Debug|x64
		{9D59F9E7-2668-4089-9AAB-E609DF7D6CAD}.Win32 Debug|x86.ActiveCfg = Debug|Win32
		{9D59F9E7-2668-4089-9AAB-E609DF7D6CAD}.Win32 Debug|x86.Build.0 = Debug|Win32
		{9D59F9E7-2668-4089-9AAB-E609DF7D6CAD}.Win32 Release|x64.ActiveCfg = Release|x64
		{9D59F9E7-2668-4089-9AAB-E609DF7D6CAD}.Win32 Release|x64.Build.0 = Release|x64
		{9D59F9E7-2668-4089-9AAB-E609DF7D6CAD}.Win32 Release|x86.ActiveCfg = Release|Win32
		{9D59F9E7-2668-4089-9AAB-E609DF7D6CAD}.Win32 Release|x86.Build.0 = Release|Win32
		{9D59F9E7-2668-4089-9AAB-E609DF7D6CAD}.wx Debug|x64.ActiveCfg = wx Debug|x64
		{9D59F9E7-2668-4089-9AAB-E609DF7D6CAD}.wx Debug|x64.Build.0 = wx Debug|x64
		{9D59F9E7-2668-4089-9AAB-E609DF7D6CAD}.wx Debug|x86.ActiveCfg = wx Debug|Win32
		{9D59F9E7-2668-4089-9AAB-E609DF7D6CAD}.wx Debug|x86.Build.0 = wx Debug|Win32
		{9D59F9E7-2668-4089-9AAB-E609DF7D6CAD}.wx Release|x64.ActiveCfg = wx Release|x64
		{9D59F9E7-2668-4089-9AAB-E609DF7D6CAD}.wx Release|x64.Build.0 = wx Release|x64
		{9D59F9E7-2668-4089-9AAB-E609DF7D6CAD}.wx Release|x86.ActiveCfg = wx Release|Win32
		{9D59F9E7-2668-4089-9AAB-E609DF7D6CAD}.wx Release|x86.Build.0 = wx Release|Win32
		{6A47E539-4CFD-423B-B93A-B7CB5B1CE7D1}.Bazel Win32 Debug|x64.ActiveCfg = Bazel Win32 Debug|x64
		{6A47E539-4CFD-423B-B93A-B7CB5B1CE7D1}.Bazel Win32 Debug|x86.ActiveCfg = Bazel Win32 Debug|Win32
		{6A47E539-4CFD-423B-B93A-B7CB5B1CE7D1}.Bazel Win32 Debug|x86.Build.0 = Bazel Win32 Debug|Win32
		{6A47E539-4CFD-423B-B93A-B7CB5B1CE7D1}.Bazel Win32 Release|x64.ActiveCfg = Bazel Win32 Release|x64
		{6A47E539-4CFD-423B-B93A-B7CB5B1CE7D1}.Bazel Win32 Release|x86.ActiveCfg = Bazel Win32 Release|Win32
		{6A47E539-4CFD-423B-B93A-B7CB5B1CE7D1}.Bazel Win32 Release|x86.Build.0 = Bazel Win32 Release|Win32
		{6A47E539-4CFD-423B-B93A-B7CB5B1CE7D1}.Bazel wx Debug|x64.ActiveCfg = Bazel wx Debug|x64
		{6A47E539-4CFD-423B-B93A-B7CB5B1CE7D1}.Bazel wx Debug|x86.ActiveCfg = Bazel wx Debug|Win32
		{6A47E539-4CFD-423B-B93A-B7CB5B1CE7D1}.Bazel wx Debug|x86.Build.0 = Bazel wx Debug|Win32
		{6A47E539-4CFD-423B-B93A-B7CB5B1CE7D1}.Bazel wx Release|x64.ActiveCfg = Bazel wx Release|x64
		{6A47E539-4CFD-423B-B93A-B7CB5B1CE7D1}.Bazel wx Release|x86.ActiveCfg = Bazel wx Release|Win32
		{6A47E539-4CFD-423B-B93A-B7CB5B1CE7D1}.Bazel wx Release|x86.Build.0 = Bazel wx Release|Win32
		{6A47E539-4CFD-423B-B93A-B7CB5B1CE7D1}.Debug|x64.ActiveCfg = Debug|x64
		{6A47E539-4CFD-423B-B93A-B7CB5B1CE7D1}.Debug|x64.Build.0 = Debug|x64
		{6A47E539-4CFD-423B-B93A-B7CB5B1CE7D1}.Debug|x86.ActiveCfg = Debug|Win32
		{6A47E539-4CFD-423B-B93A-B7CB5B1CE7D1}.Debug|x86.Build.0 = Debug|Win32
		{6A47E539-4CFD-423B-B93A-B7CB5B1CE7D1}.Release|x64.ActiveCfg = Release|x64
		{6A47E539-4CFD-423B-B93A-B7CB5B1CE7D1}.Release|x64.Build.0 = Release|x64
		{6A47E539-4CFD-423B-B93A-B7CB5B1CE7D1}.Release|x86.ActiveCfg = Release|Win32
		{6A47E539-4CFD-423B-B93A-B7CB5B1CE7D1}.Release|x86.Build.0 = Release|Win32
		{6A47E539-4CFD-423B-B93A-B7CB5B1CE7D1}.Win32 Debug|x64.ActiveCfg = Debug|x64
		{6A47E539-4CFD-423B-B93A-B7CB5B1CE7D1}.Win32 Debug|x64.Build.0 = Debug|x64
		{6A47E539-4CFD-423B-B93A-B7CB5B1CE7D1}.Win32 Debug|x86.ActiveCfg = Debug|Win32
		{6A47E539-4CFD-423B-B93A-B7CB5B1CE7D1}.Win32 Debug|x86.Build.0 = Debug|Win32
		{6A47E539-4CFD-423B-B93A-B7CB5B1CE7D1}.Win32 Release|x64.ActiveCfg = Release|x64
		{6A47E539-4CFD-423B-B93A-B7CB5B1CE7D1}.Win32 Release|x64.Build.0 = Release|x64
		{6A47E539-4CFD-423B-B93A-B7CB5B1CE7D1}.Win32 Release|x86.ActiveCfg = Release|Win32
		{6A47E539-4CFD-423B-B93A-B7CB5B1CE7D1}.Win32 Release|x86.Build.0 = Release|Win32
		{6A47E539-4CFD-423B-B93A-B7CB5B1CE7D1}.wx Debug|x64.ActiveCfg = wx Debug|x64
		{6A47E539-4CFD-423B-B93A-B7CB5B1CE7D1}.wx Debug|x64.Build.0 = wx Debug|x64
		{6A47E539-4CFD-423B-B93A-B7CB5B1CE7D1}.wx Debug|x86.ActiveCfg = wx Debug|Win32
		{6A47E539-4CFD-423B-B93A-B7CB5B1CE7D1}.wx Debug|x86.Build.0 = wx Debug|Win32
		{6A47E539-4CFD-423B-B93A-B7CB5B1CE7D1}.wx Release|x64.ActiveCfg = wx Release|x64
		{6A47E539-4CFD-423B-B93A-B7CB5B1CE7D1}.wx Release|x64.Build.0 = wx Release|x64
		{6A47E539-4CFD-423B-B93A-B7CB5B1CE7D1}.wx Release|x86.ActiveCfg = wx Release|Win32
		{6A47E539-4CFD-423B-B93A-B7CB5B1CE7D1}.wx Release|x86.Build.0 = wx Release|Win32
		{EC091F82-1E1C-4B24-A41E-899CF6458295}.Bazel Win32 Debug|x64.ActiveCfg = Bazel Win32 Debug|x64
		{EC091F82-1E1C-4B24-A41E-899CF6458295}.Bazel Win32 Debug|x86.ActiveCfg = Bazel Win32 Debug|Win32
		{EC091F82-1E1C-4B24-A41E-899CF6458295}.Bazel Win32 Debug|x86.Build.0 = Bazel Win32 Debug|Win32
		{EC091F82-1E1C-4B24-A41E-899CF6458295}.Bazel Win32 Release|x64.ActiveCfg = Bazel Win32 Release|x64
		{EC091F82-1E1C-4B24-A41E-899CF6458295}.Bazel Win32 Release|x86.ActiveCfg = Bazel Win32 Release|Win32
		{EC091F82-1E1C-4B24-A41E-899CF6458295}.Bazel Win32 Release|x86.Build.0 = Bazel Win32 Release|Win32
		{EC091F82-1E1C-4B24-A41E-899CF6458295}.Bazel wx Debug|x64.ActiveCfg = Bazel wx Debug|x64
		{EC091F82-1E1C-4B24-A41E-899CF6458295}.Bazel wx Debug|x86.ActiveCfg = Bazel wx Debug|Win32
		{EC091F82-1E1C-4B24-A41E-899CF6458295}.Bazel wx Release|x64.ActiveCfg = Bazel wx Release|x64
		{EC091F82-1E1C-4B24-A41E-899CF6458295}.Bazel wx Release|x86.ActiveCfg = Bazel wx Release|Win32
		{EC091F82-1E1C-4B24-A41E-899CF6458295}.Debug|x64.ActiveCfg = Debug|x64
		{EC091F82-1E1C-4B24-A41E-899CF6458295}.Debug|x64.Build.0 = Debug|x64
		{EC091F82-1E1C-4B24-A41E-899CF6458295}.Debug|x86.ActiveCfg = Debug|Win32
		{EC091F82-1E1C-4B24-A41E-899CF6458295}.Debug|x86.Build.0 = Debug|Win32
		{EC091F82-1E1C-4B24-A41E-899CF6458295}.Release|x64.ActiveCfg = Release|x64
		{EC091F82-1E1C-4B24-A41E-899CF6458295}.Release|x64.Build.0 = Release|x64
		{EC091F82-1E1C-4B24-A41E-899CF6458295}.Release|x86.ActiveCfg = Release|Win32
		{EC091F82-1E1C-4B24-A41E-899CF6458295}.Release|x86.Build.0 = Release|Win32
		{EC091F82-1E1C-4B24-A41E-899CF6458295}.Win32 Debug|x64.ActiveCfg = Debug|x64
		{EC091F82-1E1C-4B24-A41E-899CF6458295}.Win32 Debug|x64.Build.0 = Debug|x64
		{EC091F82-1E1C-4B24-A41E-899CF6458295}.Win32 Debug|x86.ActiveCfg = Debug|Win32
		{EC091F82-1E1C-4B24-A41E-899CF6458295}.Win32 Debug|x86.Build.0 = Debug|Win32
		{EC091F82-1E1C-4B24-A41E-899CF6458295}.Win32 Release|x64.ActiveCfg = Release|x64
		{EC091F82-1E1C-4B24-A41E-899CF6458295}.Win32 Release|x64.Build.0 = Release|x64
		{EC091F82-1E1C-4B24-A41E-899CF6458295}.Win32 Release|x86.ActiveCfg = Release|Win32
		{EC091F82-1E1C-4B24-A41E-899CF6458295}.Win32 Release|x86.Build.0 = Release|Win32
		{EC091F82-1E1C-4B24-A41E-899CF6458295}.wx Debug|x64.ActiveCfg = wx Debug|x64
		{EC091F82-1E1C-4B24-A41E-899CF6458295}.wx Debug|x86.ActiveCfg = wx Debug|Win32
		{EC091F82-1E1C-4B24-A41E-899CF6458295}.wx Debug|x86.Build.0 = wx Debug|Win32
		{EC091F82-1E1C-4B24-A41E-899CF6458295}.wx Release|x64.ActiveCfg = wx Release|x64
		{EC091F82-1E1C-4B24-A41E-899CF6458295}.wx Release|x86.ActiveCfg = wx Release|Win32
		{EC091F82-1E1C-4B24-A41E-899CF6458295}.wx Release|x86.Build.0 = wx Release|Win32
		{B47D9786-8300-4349-AB06-5FCE239DA5C5}.Bazel Win32 Debug|x64.ActiveCfg = Bazel Win32 Debug|x64
		{B47D9786-8300-4349-AB06-5FCE239DA5C5}.Bazel Win32 Debug|x86.ActiveCfg = Bazel Win32 Debug|Win32
		{B47D9786-8300-4349-AB06-5FCE239DA5C5}.Bazel Win32 Debug|x86.Build.0 = Bazel Win32 Debug|Win32
		{B47D9786-8300-4349-AB06-5FCE239DA5C5}.Bazel Win32 Release|x64.ActiveCfg = Bazel Win32 Release|x64
		{B47D9786-8300-4349-AB06-5FCE239DA5C5}.Bazel Win32 Release|x86.ActiveCfg = Bazel Win32 Release|Win32
		{B47D9786-8300-4349-AB06-5FCE239DA5C5}.Bazel Win32 Release|x86.Build.0 = Bazel Win32 Release|Win32
		{B47D9786-8300-4349-AB06-5FCE239DA5C5}.Bazel wx Debug|x64.ActiveCfg = Bazel wx Debug|x64
		{B47D9786-8300-4349-AB06-5FCE239DA5C5}.Bazel wx Debug|x86.ActiveCfg = Bazel wx Debug|Win32
		{B47D9786-8300-4349-AB06-5FCE239DA5C5}.Bazel wx Release|x64.ActiveCfg = Bazel wx Release|x64
		{B47D9786-8300-4349-AB06-5FCE239DA5C5}.Bazel wx Release|x86.ActiveCfg = Bazel wx Release|Win32
		{B47D9786-8300-4349-AB06-5FCE239DA5C5}.Debug|x64.ActiveCfg = Debug|x64
		{B47D9786-8300-4349-AB06-5FCE239DA5C5}.Debug|x64.Build.0 = Debug|x64
		{B47D9786-8300-4349-AB06-5FCE239DA5C5}.Debug|x86.ActiveCfg = Debug|Win32
		{B47D9786-8300-4349-AB06-5FCE239DA5C5}.Debug|x86.Build.0 = Debug|Win32
		{B47D9786-8300-4349-AB06-5FCE239DA5C5}.Release|x64.ActiveCfg = Release|x64
		{B47D9786-8300-4349-AB06-5FCE239DA5C5}.Release|x64.Build.0 = Release|x64
		{B47D9786-8300-4349-AB06-5FCE239DA5C5}.Release|x86.ActiveCfg = Release|Win32
		{B47D9786-8300-4349-AB06-5FCE239DA5C5}.Release|x86.Build.0 = Release|Win32
		{B47D9786-8300-4349-AB06-5FCE239DA5C5}.Win32 Debug|x64.ActiveCfg = Debug|x64
		{B47D9786-8300-4349-AB06-5FCE239DA5C5}.Win32 Debug|x64.Build.0 = Debug|x64
		{B47D9786-8300-4349-AB06-5FCE239DA5C5}.Win32 Debug|x86.ActiveCfg = Debug|Win32
		{B47D9786-8300-4349-AB06-5FCE239DA5C5}.Win32 Debug|x86.Build.0 = Debug|Win32
		{B47D9786-8300-4349-AB06-5FCE239DA5C5}.Win32 Release|x64.ActiveCfg = Release|x64
		{B47D9786-8300-4349-AB06-5FCE239DA5C5}.Win32 Release|x64.Build.0 = Release|x64
		{B47D9786-8300-4349-AB06-5FCE239DA5C5}.Win32 Release|x86.ActiveCfg = Release|Win32
		{B47D9786-8300-4349-AB06-5FCE239DA5C5}.Win32 Release|x86.Build.0 = Release|Win32
		{B47D9786-8300-4349-AB06-5FCE239DA5C5}.wx Debug|x64.ActiveCfg = wx Debug|x64
		{B47D9786-8300-4349-AB06-5FCE239DA5C5}.wx Debug|x86.ActiveCfg = wx Debug|Win32
		{B47D9786-8300-4349-AB06-5FCE239DA5C5}.wx Debug|x86.Build.0 = wx Debug|Win32
		{B47D9786-8300-4349-AB06-5FCE239DA5C5}.wx Release|x64.ActiveCfg = wx Release|x64
		{B47D9786-8300-4349-AB06-5FCE239DA5C5}.wx Release|x86.ActiveCfg = wx Release|Win32
		{B47D9786-8300-4349-AB06-5FCE239DA5C5}.wx Release|x86.Build.0 = wx Release|Win32
		{F80EC023-B987-4B57-B756-95DC6A8447BD}.Bazel Win32 Debug|x64.ActiveCfg = Bazel Win32 Debug|x64
		{F80EC023-B987-4B57-B756-95DC6A8447BD}.Bazel Win32 Debug|x86.ActiveCfg = Bazel Win32 Debug|Win32
		{F80EC023-B987-4B57-B756-95DC6A8447BD}.Bazel Win32 Debug|x86.Build.0 = Bazel Win32 Debug|Win32
		{F80EC023-B987-4B57-B756-95DC6A8447BD}.Bazel Win32 Release|x64.ActiveCfg = Bazel Win32 Release|x64
		{F80EC023-B987-4B57-B756-95DC6A8447BD}.Bazel Win32 Release|x86.ActiveCfg = Bazel Win32 Release|Win32
		{F80EC023-B987-4B57-B756-95DC6A8447BD}.Bazel Win32 Release|x86.Build.0 = Bazel Win32 Release|Win32
		{F80EC023-B987-4B57-B756-95DC6A8447BD}.Bazel wx Debug|x64.ActiveCfg = Bazel wx Debug|x64
		{F80EC023-B987-4B57-B756-95DC6A8447BD}.Bazel wx Debug|x86.ActiveCfg = Bazel wx Debug|Win32
		{F80EC023-B987-4B57-B756-95DC6A8447BD}.Bazel wx Debug|x86.Build.0 = Bazel wx Debug|Win32
		{F80EC023-B987-4B57-B756-95DC6A8447BD}.Bazel wx Release|x64.ActiveCfg = Bazel wx Release|x64
		{F80EC023-B987-4B57-B756-95DC6A8447BD}.Bazel wx Release|x86.ActiveCfg = Bazel wx Release|Win32
		{F80EC023-B987-4B57-B756-95DC6A8447BD}.Bazel wx Release|x86.Build.0 = Bazel wx Release|Win32
		{F80EC023-B987-4B57-B756-95DC6A8447BD}.Debug|x64.ActiveCfg = Debug|x64
		{F80EC023-B987-4B57-B756-95DC6A8447BD}.Debug|x64.Build.0 = Debug|x64
		{F80EC023-B987-4B57-B756-95DC6A8447BD}.Debug|x86.ActiveCfg = Debug|Win32
		{F80EC023-B987-4B57-B756-95DC6A8447BD}.Debug|x86.Build.0 = Debug|Win32
		{F80EC023-B987-4B57-B756-95DC6A8447BD}.Release|x64.ActiveCfg = Release|x64
		{F80EC023-B987-4B57-B756-95DC6A8447BD}.Release|x64.Build.0 = Release|x64
		{F80EC023-B987-4B57-B756-95DC6A8447BD}.Release|x86.ActiveCfg = Release|Win32
		{F80EC023-B987-4B57-B756-95DC6A8447BD}.Release|x86.Build.0 = Release|Win32
		{F80EC023-B987-4B57-B756-95DC6A8447BD}.Win32 Debug|x64.ActiveCfg = Debug|x64
		{F80EC023-B987-4B57-B756-95DC6A8447BD}.Win32 Debug|x64.Build.0 = Debug|x64
		{F80EC023-B987-4B57-B756-95DC6A8447BD}.Win32 Debug|x86.ActiveCfg = Debug|Win32
		{F80EC023-B987-4B57-B756-95DC6A8447BD}.Win32 Debug|x86.Build.0 = Debug|Win32
		{F80EC023-B987-4B57-B756-95DC6A8447BD}.Win32 Release|x64.ActiveCfg = Release|x64
		{F80EC023-B987-4B57-B756-95DC6A8447BD}.Win32 Release|x64.Build.0 = Release|x64
		{F80EC023-B987-4B57-B756-95DC6A8447BD}.Win32 Release|x86.ActiveCfg = Release|Win32
		{F80EC023-B987-4B57-B756-95DC6A8447BD}.Win32 Release|x86.Build.0 = Release|Win32
		{F80EC023-B987-4B57-B756-95DC6A8447BD}.wx Debug|x64.ActiveCfg = wx Debug|x64
		{F80EC023-B987-4B57-B756-95DC6A8447BD}.wx Debug|x64.Build.0 = wx Debug|x64
		{F80EC023-B987-4B57-B756-95DC6A8447BD}.wx Debug|x86.ActiveCfg = wx Debug|Win32
		{F80EC023-B987-4B57-B756-95DC6A8447BD}.wx Debug|x86.Build.0 = wx Debug|Win32
		{F80EC023-B987-4B57-B756-95DC6A8447BD}.wx Release|x64.ActiveCfg = wx Release|x64
		{F80EC023-B987-4B57-B756-95DC6A8447BD}.wx Release|x64.Build.0 = wx Release|x64
		{F80EC023-B987-4B57-B756-95DC6A8447BD}.wx Release|x86.ActiveCfg = wx Release|Win32
		{F80EC023-B987-4B57-B756-95DC6A8447BD}.wx Release|x86.Build.0 = wx Release|Win32
		{7DA30EA8-57A1-46F1-AF7A-C9DDEA094396}.Bazel Win32 Debug|x64.ActiveCfg = Bazel Win32 Debug|x64
		{7DA30EA8-57A1-46F1-AF7A-C9DDEA094396}.Bazel Win32 Debug|x86.ActiveCfg = Bazel Win32 Debug|Win32
		{7DA30EA8-57A1-46F1-AF7A-C9DDEA094396}.Bazel Win32 Debug|x86.Build.0 = Bazel Win32 Debug|Win32
		{7DA30EA8-57A1-46F1-AF7A-C9DDEA094396}.Bazel Win32 Release|x64.ActiveCfg = Bazel Win32 Release|x64
		{7DA30EA8-57A1-46F1-AF7A-C9DDEA094396}.Bazel Win32 Release|x86.ActiveCfg = Bazel Win32 Release|Win32
		{7DA30EA8-57A1-46F1-AF7A-C9DDEA094396}.Bazel Win32 Release|x86.Build.0 = Bazel Win32 Release|Win32
		{7DA30EA8-57A1-46F1-AF7A-C9DDEA094396}.Bazel wx Debug|x64.ActiveCfg = Bazel wx Debug|x64
		{7DA30EA8-57A1-46F1-AF7A-C9DDEA094396}.Bazel wx Debug|x86.ActiveCfg = Bazel wx Debug|Win32
		{7DA30EA8-57A1-46F1-AF7A-C9DDEA094396}.Bazel wx Debug|x86.Build.0 = Bazel wx Debug|Win32
		{7DA30EA8-57A1-46F1-AF7A-C9DDEA094396}.Bazel wx Release|x64.ActiveCfg = Bazel wx Release|x64
		{7DA30EA8-57A1-46F1-AF7A-C9DDEA094396}.Bazel wx Release|x86.ActiveCfg = Bazel wx Release|Win32
		{7DA30EA8-57A1-46F1-AF7A-C9DDEA094396}.Bazel wx Release|x86.Build.0 = Bazel wx Release|Win32
		{7DA30EA8-57A1-46F1-AF7A-C9DDEA094396}.Debug|x64.ActiveCfg = Debug|x64
		{7DA30EA8-57A1-46F1-AF7A-C9DDEA094396}.Debug|x64.Build.0 = Debug|x64
		{7DA30EA8-57A1-46F1-AF7A-C9DDEA094396}.Debug|x86.ActiveCfg = Debug|Win32
		{7DA30EA8-57A1-46F1-AF7A-C9DDEA094396}.Debug|x86.Build.0 = Debug|Win32
		{7DA30EA8-57A1-46F1-AF7A-C9DDEA094396}.Release|x64.ActiveCfg = Release|x64
		{7DA30EA8-57A1-46F1-AF7A-C9DDEA094396}.Release|x64.Build.0 = Release|x64
		{7DA30EA8-57A1-46F1-AF7A-C9DDEA094396}.Release|x86.ActiveCfg = Release|Win32
		{7DA30EA8-57A1-46F1-AF7A-C9DDEA094396}.Release|x86.Build.0 = Release|Win32
		{7DA30EA8-57A1-46F1-AF7A-C9DDEA094396}.Win32 Debug|x64.ActiveCfg = Debug|x64
		{7DA30EA8-57A1-46F1-AF7A-C9DDEA094396}.Win32 Debug|x64.Build.0 = Debug|x64
		{7DA30EA8-57A1-46F1-AF7A-C9DDEA094396}.Win32 Debug|x86.ActiveCfg = Debug|Win32
		{7DA30EA8-57A1-46F1-AF7A-C9DDEA094396}.Win32 Debug|x86.Build.0 = Debug|Win32
		{7DA30EA8-57A1-46F1-AF7A-C9DDEA094396}.Win32 Release|x64.ActiveCfg = Release|x64
		{7DA30EA8-57A1-46F1-AF7A-C9DDEA094396}.Win32 Release|x64.Build.0 = Release|x64
		{7DA30EA8-57A1-46F1-AF7A-C9DDEA094396}.Win32 Release|x86.ActiveCfg = Release|Win32
		{7DA30EA8-57A1-46F1-AF7A-C9DDEA094396}.Win32 Release|x86.Build.0 = Release|Win32
		{7DA30EA8-57A1-46F1-AF7A-C9DDEA094396}.wx Debug|x64.ActiveCfg = wx Debug|x64
		{7DA30EA8-57A1-46F1-AF7A-C9DDEA094396}.wx Debug|x64.Build.0 = wx Debug|x64
		{7DA30EA8-57A1-46F1-AF7A-C9DDEA094396}.wx Debug|x86.ActiveCfg = wx Debug|Win32
		{7DA30EA8-57A1-46F1-AF7A-C9DDEA094396}.wx Debug|x86.Build.0 = wx Debug|Win32
		{7DA30EA8-57A1-46F1-AF7A-C9DDEA094396}.wx Release|x64.ActiveCfg = wx Release|x64
		{7DA30EA8-57A1-46F1-AF7A-C9DDEA094396}.wx Release|x64.Build.0 = wx Release|x64
		{7DA30EA8-57A1-46F1-AF7A-C9DDEA094396}.wx Release|x86.ActiveCfg = wx Release|Win32
		{7DA30EA8-57A1-46F1-AF7A-C9DDEA094396}.wx Release|x86.Build.0 = wx Release|Win32
		{ABBF9FBE-F84E-4383-BBC3-2836879E5A87}.Bazel Win32 Debug|x64.ActiveCfg = Bazel Win32 Debug|x64
		{ABBF9FBE-F84E-4383-BBC3-2836879E5A87}.Bazel Win32 Debug|x86.ActiveCfg = Bazel Win32 Debug|Win32
		{ABBF9FBE-F84E-4383-BBC3-2836879E5A87}.Bazel Win32 Debug|x86.Build.0 = Bazel Win32 Debug|Win32
		{ABBF9FBE-F84E-4383-BBC3-2836879E5A87}.Bazel Win32 Release|x64.ActiveCfg = Bazel Win32 Release|x64
		{ABBF9FBE-F84E-4383-BBC3-2836879E5A87}.Bazel Win32 Release|x86.ActiveCfg = Bazel Win32 Release|Win32
		{ABBF9FBE-F84E-4383-BBC3-2836879E5A87}.Bazel Win32 Release|x86.Build.0 = Bazel Win32 Release|Win32
		{ABBF9FBE-F84E-4383-BBC3-2836879E5A87}.Bazel wx Debug|x64.ActiveCfg = Bazel wx Debug|x64
		{ABBF9FBE-F84E-4383-BBC3-2836879E5A87}.Bazel wx Debug|x86.ActiveCfg = Bazel wx Debug|Win32
		{ABBF9FBE-F84E-4383-BBC3-2836879E5A87}.Bazel wx Release|x64.ActiveCfg = Bazel wx Release|x64
		{ABBF9FBE-F84E-4383-BBC3-2836879E5A87}.Bazel wx Release|x86.ActiveCfg = Bazel wx Release|Win32
		{ABBF9FBE-F84E-4383-BBC3-2836879E5A87}.Debug|x64.ActiveCfg = Debug|x64
		{ABBF9FBE-F84E-4383-BBC3-2836879E5A87}.Debug|x64.Build.0 = Debug|x64
		{ABBF9FBE-F84E-4383-BBC3-2836879E5A87}.Debug|x86.ActiveCfg = Debug|Win32
		{ABBF9FBE-F84E-4383-BBC3-2836879E5A87}.Debug|x86.Build.0 = Debug|Win32
		{ABBF9FBE-F84E-4383-BBC3-2836879E5A87}.Release|x64.ActiveCfg = Release|x64
		{ABBF9FBE-F84E-4383-BBC3-2836879E5A87}.Release|x64.Build.0 = Release|x64
		{ABBF9FBE-F84E-4383-BBC3-2836879E5A87}.Release|x86.ActiveCfg = Release|Win32
		{ABBF9FBE-F84E-4383-BBC3-2836879E5A87}.Release|x86.Build.0 = Release|Win32
		{ABBF9FBE-F84E-4383-BBC3-2836879E5A87}.Win32 Debug|x64.ActiveCfg = Debug|x64
		{ABBF9FBE-F84E-4383-BBC3-2836879E5A87}.Win32 Debug|x64.Build.0 = Debug|x64
		{ABBF9FBE-F84E-4383-BBC3-2836879E5A87}.Win32 Debug|x86.ActiveCfg = Debug|Win32
		{ABBF9FBE-F84E-4383-BBC3-2836879E5A87}.Win32 Debug|x86.Build.0 = Debug|Win32
		{ABBF9FBE-F84E-4383-BBC3-2836879E5A87}.Win32 Release|x64.ActiveCfg = Release|x64
		{ABBF9FBE-F84E-4383-BBC3-2836879E5A87}.Win32 Release|x64.Build.0 = Release|x64
		{ABBF9FBE-F84E-4383-BBC3-2836879E5A87}.Win32 Release|x86.ActiveCfg = Release|Win32
		{ABBF9FBE-F84E-4383-BBC3-2836879E5A87}.Win32 Release|x86.Build.0 = Release|Win32
		{ABBF9FBE-F84E-4383-BBC3-2836879E5A87}.wx Debug|x64.ActiveCfg = wx Debug|x64
		{ABBF9FBE-F84E-4383-BBC3-2836879E5A87}.wx Debug|x86.ActiveCfg = wx Debug|Win32
		{ABBF9FBE-F84E-4383-BBC3-2836879E5A87}.wx Debug|x86.Build.0 = wx Debug|Win32
		{ABBF9FBE-F84E-4383-BBC3-2836879E5A87}.wx Release|x64.ActiveCfg = wx Release|x64
		{ABBF9FBE-F84E-4383-BBC3-2836879E5A87}.wx Release|x86.ActiveCfg = wx Release|Win32
		{ABBF9FBE-F84E-4383-BBC3-2836879E5A87}.wx Release|x86.Build.0 = wx Release|Win32
		{03651BEF-6317-48D6-A248-6AC00A18CD11}.Bazel Win32 Debug|x64.ActiveCfg = Bazel Win32 Debug|x64
		{03651BEF-6317-48D6-A248-6AC00A18CD11}.Bazel Win32 Debug|x86.ActiveCfg = Bazel Win32 Debug|Win32
		{03651BEF-6317-48D6-A248-6AC00A18CD11}.Bazel Win32 Release|x64.ActiveCfg = Bazel Win32 Release|x64
		{03651BEF-6317-48D6-A248-6AC00A18CD11}.Bazel Win32 Release|x86.ActiveCfg = Bazel Win32 Release|Win32
		{03651BEF-6317-48D6-A248-6AC00A18CD11}.Bazel wx Debug|x64.ActiveCfg = Bazel wx Debug|x64
		{03651BEF-6317-48D6-A248-6AC00A18CD11}.Bazel wx Debug|x86.ActiveCfg = Bazel wx Debug|Win32
		{03651BEF-6317-48D6-A248-6AC00A18CD11}.Bazel wx Debug|x86.Build.0 = Bazel wx Debug|Win32
		{03651BEF-6317-48D6-A248-6AC00A18CD11}.Bazel wx Release|x64.ActiveCfg = Bazel wx Release|x64
		{03651BEF-6317-48D6-A248-6AC00A18CD11}.Bazel wx Release|x86.ActiveCfg = Bazel wx Release|Win32
		{03651BEF-6317-48D6-A248-6AC00A18CD11}.Debug|x64.ActiveCfg = Debug|x64
		{03651BEF-6317-48D6-A248-6AC00A18CD11}.Debug|x64.Build.0 = Debug|x64
		{03651BEF-6317-48D6-A248-6AC00A18CD11}.Debug|x86.ActiveCfg = Debug|Win32
		{03651BEF-6317-48D6-A248-6AC00A18CD11}.Debug|x86.Build.0 = Debug|Win32
		{03651BEF-6317-48D6-A248-6AC00A18CD11}.Release|x64.ActiveCfg = Release|x64
		{03651BEF-6317-48D6-A248-6AC00A18CD11}.Release|x64.Build.0 = Release|x64
		{03651BEF-6317-48D6-A248-6AC00A18CD11}.Release|x86.ActiveCfg = Release|Win32
		{03651BEF-6317-48D6-A248-6AC00A18CD11}.Release|x86.Build.0 = Release|Win32
		{03651BEF-6317-48D6-A248-6AC00A18CD11}.Win32 Debug|x64.ActiveCfg = Debug|x64
		{03651BEF-6317-48D6-A248-6AC00A18CD11}.Win32 Debug|x86.ActiveCfg = Debug|Win32
		{03651BEF-6317-48D6-A248-6AC00A18CD11}.Win32 Debug|x86.Build.0 = Debug|Win32
		{03651BEF-6317-48D6-A248-6AC00A18CD11}.Win32 Release|x64.ActiveCfg = Release|x64
		{03651BEF-6317-48D6-A248-6AC00A18CD11}.Win32 Release|x86.ActiveCfg = Release|Win32
		{03651BEF-6317-48D6-A248-6AC00A18CD11}.Win32 Release|x86.Build.0 = Release|Win32
		{03651BEF-6317-48D6-A248-6AC00A18CD11}.wx Debug|x64.ActiveCfg = wx Debug|x64
		{03651BEF-6317-48D6-A248-6AC00A18CD11}.wx Debug|x64.Build.0 = wx Debug|x64
		{03651BEF-6317-48D6-A248-6AC00A18CD11}.wx Debug|x86.ActiveCfg = wx Debug|Win32
		{03651BEF-6317-48D6-A248-6AC00A18CD11}.wx Release|x64.ActiveCfg = wx Release|x64
		{03651BEF-6317-48D6-A248-6AC00A18CD11}.wx Release|x86.ActiveCfg = wx Release|Win32
		{D7E7C4F1-5404-450C-AD82-BD9883635D1C}.Bazel Win32 Debug|x64.ActiveCfg = Bazel Win32 Debug|x64
		{D7E7C4F1-5404-450C-AD82-BD9883635D1C}.Bazel Win32 Debug|x86.ActiveCfg = Bazel Win32 Debug|Win32
		{D7E7C4F1-5404-450C-AD82-BD9883635D1C}.Bazel Win32 Release|x64.ActiveCfg = Bazel Win32 Release|x64
		{D7E7C4F1-5404-450C-AD82-BD9883635D1C}.Bazel Win32 Release|x86.ActiveCfg = Bazel Win32 Release|Win32
		{D7E7C4F1-5404-450C-AD82-BD9883635D1C}.Bazel Win32 Release|x86.Build.0 = Bazel Win32 Release|Win32
		{D7E7C4F1-5404-450C-AD82-BD9883635D1C}.Bazel wx Debug|x64.ActiveCfg = Bazel wx Debug|x64
		{D7E7C4F1-5404-450C-AD82-BD9883635D1C}.Bazel wx Debug|x86.ActiveCfg = Bazel wx Debug|Win32
		{D7E7C4F1-5404-450C-AD82-BD9883635D1C}.Bazel wx Release|x64.ActiveCfg = Bazel wx Release|x64
		{D7E7C4F1-5404-450C-AD82-BD9883635D1C}.Bazel wx Release|x86.ActiveCfg = Bazel wx Release|Win32
		{D7E7C4F1-5404-450C-AD82-BD9883635D1C}.Bazel wx Release|x86.Build.0 = Bazel wx Release|Win32
		{D7E7C4F1-5404-450C-AD82-BD9883635D1C}.Debug|x64.ActiveCfg = Debug|x64
		{D7E7C4F1-5404-450C-AD82-BD9883635D1C}.Debug|x64.Build.0 = Debug|x64
		{D7E7C4F1-5404-450C-AD82-BD9883635D1C}.Debug|x86.ActiveCfg = Debug|Win32
		{D7E7C4F1-5404-450C-AD82-BD9883635D1C}.Debug|x86.Build.0 = Debug|Win32
		{D7E7C4F1-5404-450C-AD82-BD9883635D1C}.Release|x64.ActiveCfg = Release|x64
		{D7E7C4F1-5404-450C-AD82-BD9883635D1C}.Release|x64.Build.0 = Release|x64
		{D7E7C4F1-5404-450C-AD82-BD9883635D1C}.Release|x86.ActiveCfg = Release|Win32
		{D7E7C4F1-5404-450C-AD82-BD9883635D1C}.Release|x86.Build.0 = Release|Win32
		{D7E7C4F1-5404-450C-AD82-BD9883635D1C}.Win32 Debug|x64.ActiveCfg = Debug|Win32
		{D7E7C4F1-5404-450C-AD82-BD9883635D1C}.Win32 Debug|x86.ActiveCfg = Debug|Win32
		{D7E7C4F1-5404-450C-AD82-BD9883635D1C}.Win32 Debug|x86.Build.0 = Debug|Win32
		{D7E7C4F1-5404-450C-AD82-BD9883635D1C}.Win32 Release|x64.ActiveCfg = Release|x64
		{D7E7C4F1-5404-450C-AD82-BD9883635D1C}.Win32 Release|x64.Build.0 = Release|x64
		{D7E7C4F1-5404-450C-AD82-BD9883635D1C}.Win32 Release|x86.ActiveCfg = Release|Win32
		{D7E7C4F1-5404-450C-AD82-BD9883635D1C}.Win32 Release|x86.Build.0 = Release|Win32
		{D7E7C4F1-5404-450C-AD82-BD9883635D1C}.wx Debug|x64.ActiveCfg = wx Debug|x64
		{D7E7C4F1-5404-450C-AD82-BD9883635D1C}.wx Debug|x86.ActiveCfg = wx Debug|Win32
		{D7E7C4F1-5404-450C-AD82-BD9883635D1C}.wx Release|x64.ActiveCfg = wx Release|x64
		{D7E7C4F1-5404-450C-AD82-BD9883635D1C}.wx Release|x64.Build.0 = wx Release|x64
		{D7E7C4F1-5404-450C-AD82-BD9883635D1C}.wx Release|x86.ActiveCfg = wx Release|Win32
		{D7E7C4F1-5404-450C-AD82-BD9883635D1C}.wx Release|x86.Build.0 = wx Release|Win32
		{CF7183BB-C90F-4C19-B0C1-9932AD2ABE58}.Bazel Win32 Debug|x64.ActiveCfg = Bazel Win32 Debug|x64
		{CF7183BB-C90F-4C19-B0C1-9932AD2ABE58}.Bazel Win32 Debug|x86.ActiveCfg = Bazel Win32 Debug|Win32
		{CF7183BB-C90F-4C19-B0C1-9932AD2ABE58}.Bazel Win32 Debug|x86.Build.0 = Bazel Win32 Debug|Win32
		{CF7183BB-C90F-4C19-B0C1-9932AD2ABE58}.Bazel Win32 Release|x64.ActiveCfg = Bazel Win32 Release|x64
		{CF7183BB-C90F-4C19-B0C1-9932AD2ABE58}.Bazel Win32 Release|x86.ActiveCfg = Bazel Win32 Release|Win32
		{CF7183BB-C90F-4C19-B0C1-9932AD2ABE58}.Bazel Win32 Release|x86.Build.0 = Bazel Win32 Release|Win32
		{CF7183BB-C90F-4C19-B0C1-9932AD2ABE58}.Bazel wx Debug|x64.ActiveCfg = Bazel wx Debug|x64
		{CF7183BB-C90F-4C19-B0C1-9932AD2ABE58}.Bazel wx Debug|x86.ActiveCfg = Bazel wx Debug|Win32
		{CF7183BB-C90F-4C19-B0C1-9932AD2ABE58}.Bazel wx Debug|x86.Build.0 = Bazel wx Debug|Win32
		{CF7183BB-C90F-4C19-B0C1-9932AD2ABE58}.Bazel wx Release|x64.ActiveCfg = Bazel wx Release|x64
		{CF7183BB-C90F-4C19-B0C1-9932AD2ABE58}.Bazel wx Release|x86.ActiveCfg = Bazel wx Release|Win32
		{CF7183BB-C90F-4C19-B0C1-9932AD2ABE58}.Bazel wx Release|x86.Build.0 = Bazel wx Release|Win32
		{CF7183BB-C90F-4C19-B0C1-9932AD2ABE58}.Debug|x64.ActiveCfg = Debug|x64
		{CF7183BB-C90F-4C19-B0C1-9932AD2ABE58}.Debug|x64.Build.0 = Debug|x64
		{CF7183BB-C90F-4C19-B0C1-9932AD2ABE58}.Debug|x86.ActiveCfg = Debug|Win32
		{CF7183BB-C90F-4C19-B0C1-9932AD2ABE58}.Debug|x86.Build.0 = Debug|Win32
		{CF7183BB-C90F-4C19-B0C1-9932AD2ABE58}.Release|x64.ActiveCfg = Release|x64
		{CF7183BB-C90F-4C19-B0C1-9932AD2ABE58}.Release|x64.Build.0 = Release|x64
		{CF7183BB-C90F-4C19-B0C1-9932AD2ABE58}.Release|x86.ActiveCfg = Release|Win32
		{CF7183BB-C90F-4C19-B0C1-9932AD2ABE58}.Release|x86.Build.0 = Release|Win32
		{CF7183BB-C90F-4C19-B0C1-9932AD2ABE58}.Win32 Debug|x64.ActiveCfg = Debug|x64
		{CF7183BB-C90F-4C19-B0C1-9932AD2ABE58}.Win32 Debug|x64.Build.0 = Debug|x64
		{CF7183BB-C90F-4C19-B0C1-9932AD2ABE58}.Win32 Debug|x86.ActiveCfg = Debug|Win32
		{CF7183BB-C90F-4C19-B0C1-9932AD2ABE58}.Win32 Debug|x86.Build.0 = Debug|Win32
		{CF7183BB-C90F-4C19-B0C1-9932AD2ABE58}.Win32 Release|x64.ActiveCfg = Release|x64
		{CF7183BB-C90F-4C19-B0C1-9932AD2ABE58}.Win32 Release|x64.Build.0 = Release|x64
		{CF7183BB-C90F-4C19-B0C1-9932AD2ABE58}.Win32 Release|x86.ActiveCfg = Release|Win32
		{CF7183BB-C90F-4C19-B0C1-9932AD2ABE58}.Win32 Release|x86.Build.0 = Release|Win32
		{CF7183BB-C90F-4C19-B0C1-9932AD2ABE58}.wx Debug|x64.ActiveCfg = wx Debug|x64
		{CF7183BB-C90F-4C19-B0C1-9932AD2ABE58}.wx Debug|x64.Build.0 = wx Debug|x64
		{CF7183BB-C90F-4C19-B0C1-9932AD2ABE58}.wx Debug|x86.ActiveCfg = wx Debug|Win32
		{CF7183BB-C90F-4C19-B0C1-9932AD2ABE58}.wx Debug|x86.Build.0 = wx Debug|Win32
		{CF7183BB-C90F-4C19-B0C1-9932AD2ABE58}.wx Release|x64.ActiveCfg = wx Release|x64
		{CF7183BB-C90F-4C19-B0C1-9932AD2ABE58}.wx Release|x64.Build.0 = wx Release|x64
		{CF7183BB-C90F-4C19-B0C1-9932AD2ABE58}.wx Release|x86.ActiveCfg = wx Release|Win32
		{CF7183BB-C90F-4C19-B0C1-9932AD2ABE58}.wx Release|x86.Build.0 = wx Release|Win32
		{4913CBB4-2D7D-4D39-B3C2-1440EBFF3953}.Bazel Win32 Debug|x64.ActiveCfg = Bazel Win32 Debug|x64
		{4913CBB4-2D7D-4D39-B3C2-1440EBFF3953}.Bazel Win32 Debug|x86.ActiveCfg = Bazel Win32 Debug|Win32
		{4913CBB4-2D7D-4D39-B3C2-1440EBFF3953}.Bazel Win32 Debug|x86.Build.0 = Bazel Win32 Debug|Win32
		{4913CBB4-2D7D-4D39-B3C2-1440EBFF3953}.Bazel Win32 Release|x64.ActiveCfg = Bazel Win32 Release|x64
		{4913CBB4-2D7D-4D39-B3C2-1440EBFF3953}.Bazel Win32 Release|x86.ActiveCfg = Bazel Win32 Release|Win32
		{4913CBB4-2D7D-4D39-B3C2-1440EBFF3953}.Bazel Win32 Release|x86.Build.0 = Bazel Win32 Release|Win32
		{4913CBB4-2D7D-4D39-B3C2-1440EBFF3953}.Bazel wx Debug|x64.ActiveCfg = Bazel wx Debug|x64
		{4913CBB4-2D7D-4D39-B3C2-1440EBFF3953}.Bazel wx Debug|x86.ActiveCfg = Bazel wx Debug|Win32
		{4913CBB4-2D7D-4D39-B3C2-1440EBFF3953}.Bazel wx Debug|x86.Build.0 = Bazel wx Debug|Win32
		{4913CBB4-2D7D-4D39-B3C2-1440EBFF3953}.Bazel wx Release|x64.ActiveCfg = Bazel wx Release|x64
		{4913CBB4-2D7D-4D39-B3C2-1440EBFF3953}.Bazel wx Release|x86.ActiveCfg = Bazel wx Release|Win32
		{4913CBB4-2D7D-4D39-B3C2-1440EBFF3953}.Bazel wx Release|x86.Build.0 = Bazel wx Release|Win32
		{4913CBB4-2D7D-4D39-B3C2-1440EBFF3953}.Debug|x64.ActiveCfg = Debug|x64
		{4913CBB4-2D7D-4D39-B3C2-1440EBFF3953}.Debug|x64.Build.0 = Debug|x64
		{4913CBB4-2D7D-4D39-B3C2-1440EBFF3953}.Debug|x86.ActiveCfg = Debug|Win32
		{4913CBB4-2D7D-4D39-B3C2-1440EBFF3953}.Debug|x86.Build.0 = Debug|Win32
		{4913CBB4-2D7D-4D39-B3C2-1440EBFF3953}.Release|x64.ActiveCfg = Release|x64
		{4913CBB4-2D7D-4D39-B3C2-1440EBFF3953}.Release|x64.Build.0 = Release|x64
		{4913CBB4-2D7D-4D39-B3C2-1440EBFF3953}.Release|x86.ActiveCfg = Release|Win32
		{4913CBB4-2D7D-4D39-B3C2-1440EBFF3953}.Release|x86.Build.0 = Release|Win32
		{4913CBB4-2D7D-4D39-B3C2-1440EBFF3953}.Win32 Debug|x64.ActiveCfg = Debug|x64
		{4913CBB4-2D7D-4D39-B3C2-1440EBFF3953}.Win32 Debug|x64.Build.0 = Debug|x64
		{4913CBB4-2D7D-4D39-B3C2-1440EBFF3953}.Win32 Debug|x86.ActiveCfg = Debug|Win32
		{4913CBB4-2D7D-4D39-B3C2-1440EBFF3953}.Win32 Debug|x86.Build.0 = Debug|Win32
		{4913CBB4-2D7D-4D39-B3C2-1440EBFF3953}.Win32 Release|x64.ActiveCfg = Release|x64
		{4913CBB4-2D7D-4D39-B3C2-1440EBFF3953}.Win32 Release|x64.Build.0 = Release|x64
		{4913CBB4-2D7D-4D39-B3C2-1440EBFF3953}.Win32 Release|x86.ActiveCfg = Release|Win32
		{4913CBB4-2D7D-4D39-B3C2-1440EBFF3953}.Win32 Release|x86.Build.0 = Release|Win32
		{4913CBB4-2D7D-4D39-B3C2-1440EBFF3953}.wx Debug|x64.ActiveCfg = wx Debug|x64
		{4913CBB4-2D7D-4D39-B3C2-1440EBFF3953}.wx Debug|x64.Build.0 = wx Debug|x64
		{4913CBB4-2D7D-4D39-B3C2-1440EBFF3953}.wx Debug|x86.ActiveCfg = wx Debug|Win32
		{4913CBB4-2D7D-4D39-B3C2-1440EBFF3953}.wx Debug|x86.Build.0 = wx Debug|Win32
		{4913CBB4-2D7D-4D39-B3C2-1440EBFF3953}.wx Release|x64.ActiveCfg = wx Release|x64
		{4913CBB4-2D7D-4D39-B3C2-1440EBFF3953}.wx Release|x64.Build.0 = wx Release|x64
		{4913CBB4-2D7D-4D39-B3C2-1440EBFF3953}.wx Release|x86.ActiveCfg = wx Release|Win32
		{4913CBB4-2D7D-4D39-B3C2-1440EBFF3953}.wx Release|x86.Build.0 = wx Release|Win32
		{32FDCB25-1CBD-4ADE-A0DE-2B7ED1ACFF7F}.Bazel Win32 Debug|x64.ActiveCfg = Bazel Win32 Debug|x64
		{32FDCB25-1CBD-4ADE-A0DE-2B7ED1ACFF7F}.Bazel Win32 Debug|x64.Build.0 = Bazel Win32 Debug|x64
		{32FDCB25-1CBD-4ADE-A0DE-2B7ED1ACFF7F}.Bazel Win32 Debug|x86.ActiveCfg = Bazel Win32 Debug|Win32
		{32FDCB25-1CBD-4ADE-A0DE-2B7ED1ACFF7F}.Bazel Win32 Release|x64.ActiveCfg = Bazel Win32 Release|x64
		{32FDCB25-1CBD-4ADE-A0DE-2B7ED1ACFF7F}.Bazel Win32 Release|x64.Build.0 = Bazel Win32 Release|x64
		{32FDCB25-1CBD-4ADE-A0DE-2B7ED1ACFF7F}.Bazel Win32 Release|x86.ActiveCfg = Bazel Win32 Release|Win32
		{32FDCB25-1CBD-4ADE-A0DE-2B7ED1ACFF7F}.Bazel wx Debug|x64.ActiveCfg = Bazel wx Debug|x64
		{32FDCB25-1CBD-4ADE-A0DE-2B7ED1ACFF7F}.Bazel wx Debug|x86.ActiveCfg = Bazel wx Debug|Win32
		{32FDCB25-1CBD-4ADE-A0DE-2B7ED1ACFF7F}.Bazel wx Release|x64.ActiveCfg = Bazel wx Release|x64
		{32FDCB25-1CBD-4ADE-A0DE-2B7ED1ACFF7F}.Bazel wx Release|x86.ActiveCfg = Bazel wx Release|Win32
		{32FDCB25-1CBD-4ADE-A0DE-2B7ED1ACFF7F}.Debug|x64.ActiveCfg = Debug|x64
		{32FDCB25-1CBD-4ADE-A0DE-2B7ED1ACFF7F}.Debug|x64.Build.0 = Debug|x64
		{32FDCB25-1CBD-4ADE-A0DE-2B7ED1ACFF7F}.Debug|x86.ActiveCfg = Debug|Win32
		{32FDCB25-1CBD-4ADE-A0DE-2B7ED1ACFF7F}.Debug|x86.Build.0 = Debug|Win32
		{32FDCB25-1CBD-4ADE-A0DE-2B7ED1ACFF7F}.Release|x64.ActiveCfg = Release|x64
		{32FDCB25-1CBD-4ADE-A0DE-2B7ED1ACFF7F}.Release|x64.Build.0 = Release|x64
		{32FDCB25-1CBD-4ADE-A0DE-2B7ED1ACFF7F}.Release|x86.ActiveCfg = Release|Win32
		{32FDCB25-1CBD-4ADE-A0DE-2B7ED1ACFF7F}.Release|x86.Build.0 = Release|Win32
		{32FDCB25-1CBD-4ADE-A0DE-2B7ED1ACFF7F}.Win32 Debug|x64.ActiveCfg = Debug|x64
		{32FDCB25-1CBD-4ADE-A0DE-2B7ED1ACFF7F}.Win32 Debug|x86.ActiveCfg = Debug|Win32
		{32FDCB25-1CBD-4ADE-A0DE-2B7ED1ACFF7F}.Win32 Debug|x86.Build.0 = Debug|Win32
		{32FDCB25-1CBD-4ADE-A0DE-2B7ED1ACFF7F}.Win32 Release|x64.ActiveCfg = Release|x64
		{32FDCB25-1CBD-4ADE-A0DE-2B7ED1ACFF7F}.Win32 Release|x86.ActiveCfg = Release|Win32
		{32FDCB25-1CBD-4ADE-A0DE-2B7ED1ACFF7F}.Win32 Release|x86.Build.0 = Release|Win32
		{32FDCB25-1CBD-4ADE-A0DE-2B7ED1ACFF7F}.wx Debug|x64.ActiveCfg = wx Debug|x64
		{32FDCB25-1CBD-4ADE-A0DE-2B7ED1ACFF7F}.wx Debug|x86.ActiveCfg = wx Debug|Win32
		{32FDCB25-1CBD-4ADE-A0DE-2B7ED1ACFF7F}.wx Release|x64.ActiveCfg = wx Release|x64
		{32FDCB25-1CBD-4ADE-A0DE-2B7ED1ACFF7F}.wx Release|x86.ActiveCfg = wx Release|Win32
		{77908F28-9071-48C0-B528-F20A3E086E4D}.Bazel Win32 Debug|x64.ActiveCfg = Bazel Win32 Debug|x64
		{77908F28-9071-48C0-B528-F20A3E086E4D}.Bazel Win32 Debug|x86.ActiveCfg = Bazel Win32 Debug|Win32
		{77908F28-9071-48C0-B528-F20A3E086E4D}.Bazel Win32 Release|x64.ActiveCfg = Bazel Win32 Release|x64
		{77908F28-9071-48C0-B528-F20A3E086E4D}.Bazel Win32 Release|x86.ActiveCfg = Bazel Win32 Release|Win32
		{77908F28-9071-48C0-B528-F20A3E086E4D}.Bazel wx Debug|x64.ActiveCfg = Bazel wx Debug|x64
		{77908F28-9071-48C0-B528-F20A3E086E4D}.Bazel wx Debug|x64.Build.0 = Bazel wx Debug|x64
		{77908F28-9071-48C0-B528-F20A3E086E4D}.Bazel wx Debug|x86.ActiveCfg = Bazel wx Debug|Win32
		{77908F28-9071-48C0-B528-F20A3E086E4D}.Bazel wx Release|x64.ActiveCfg = Bazel wx Release|x64
		{77908F28-9071-48C0-B528-F20A3E086E4D}.Bazel wx Release|x64.Build.0 = Bazel wx Release|x64
		{77908F28-9071-48C0-B528-F20A3E086E4D}.Bazel wx Release|x86.ActiveCfg = Bazel wx Release|Win32
		{77908F28-9071-48C0-B528-F20A3E086E4D}.Debug|x64.ActiveCfg = Debug|x64
		{77908F28-9071-48C0-B528-F20A3E086E4D}.Debug|x64.Build.0 = Debug|x64
		{77908F28-9071-48C0-B528-F20A3E086E4D}.Debug|x86.ActiveCfg = Debug|Win32
		{77908F28-9071-48C0-B528-F20A3E086E4D}.Debug|x86.Build.0 = Debug|Win32
		{77908F28-9071-48C0-B528-F20A3E086E4D}.Release|x64.ActiveCfg = Release|x64
		{77908F28-9071-48C0-B528-F20A3E086E4D}.Release|x64.Build.0 = Release|x64
		{77908F28-9071-48C0-B528-F20A3E086E4D}.Release|x86.ActiveCfg = Release|Win32
		{77908F28-9071-48C0-B528-F20A3E086E4D}.Release|x86.Build.0 = Release|Win32
		{77908F28-9071-48C0-B528-F20A3E086E4D}.Win32 Debug|x64.ActiveCfg = Debug|x64
		{77908F28-9071-48C0-B528-F20A3E086E4D}.Win32 Debug|x86.ActiveCfg = Debug|Win32
		{77908F28-9071-48C0-B528-F20A3E086E4D}.Win32 Debug|x86.Build.0 = Debug|Win32
		{77908F28-9071-48C0-B528-F20A3E086E4D}.Win32 Release|x64.ActiveCfg = Release|x64
		{77908F28-9071-48C0-B528-F20A3E086E4D}.Win32 Release|x86.ActiveCfg = Release|Win32
		{77908F28-9071-48C0-B528-F20A3E086E4D}.Win32 Release|x86.Build.0 = Release|Win32
		{77908F28-9071-48C0-B528-F20A3E086E4D}.wx Debug|x64.ActiveCfg = wx Debug|x64
		{77908F28-9071-48C0-B528-F20A3E086E4D}.wx Debug|x86.ActiveCfg = wx Debug|Win32
		{77908F28-9071-48C0-B528-F20A3E086E4D}.wx Release|x64.ActiveCfg = wx Release|x64
		{77908F28-9071-48C0-B528-F20A3E086E4D}.wx Release|x86.ActiveCfg = wx Release|Win32
		{179A002E-8F22-4252-987E-2653363DAA7F}.Bazel Win32 Debug|x64.ActiveCfg = Debug|x64
		{179A002E-8F22-4252-987E-2653363DAA7F}.Bazel Win32 Debug|x64.Build.0 = Debug|x64
		{179A002E-8F22-4252-987E-2653363DAA7F}.Bazel Win32 Debug|x86.ActiveCfg = Debug|Win32
		{179A002E-8F22-4252-987E-2653363DAA7F}.Bazel Win32 Debug|x86.Build.0 = Debug|Win32
		{179A002E-8F22-4252-987E-2653363DAA7F}.Bazel Win32 Release|x64.ActiveCfg = Release|x64
		{179A002E-8F22-4252-987E-2653363DAA7F}.Bazel Win32 Release|x64.Build.0 = Release|x64
		{179A002E-8F22-4252-987E-2653363DAA7F}.Bazel Win32 Release|x86.ActiveCfg = Release|Win32
		{179A002E-8F22-4252-987E-2653363DAA7F}.Bazel Win32 Release|x86.Build.0 = Release|Win32
		{179A002E-8F22-4252-987E-2653363DAA7F}.Bazel wx Debug|x64.ActiveCfg = Debug|x64
		{179A002E-8F22-4252-987E-2653363DAA7F}.Bazel wx Debug|x64.Build.0 = Debug|x64
		{179A002E-8F22-4252-987E-2653363DAA7F}.Bazel wx Debug|x86.ActiveCfg = Debug|Win32
		{179A002E-8F22-4252-987E-2653363DAA7F}.Bazel wx Debug|x86.Build.0 = Debug|Win32
		{179A002E-8F22-4252-987E-2653363DAA7F}.Bazel wx Release|x64.ActiveCfg = Release|x64
		{179A002E-8F22-4252-987E-2653363DAA7F}.Bazel wx Release|x64.Build.0 = Release|x64
		{179A002E-8F22-4252-987E-2653363DAA7F}.Bazel wx Release|x86.ActiveCfg = Release|Win32
		{179A002E-8F22-4252-987E-2653363DAA7F}.Bazel wx Release|x86.Build.0 = Release|Win32
		{179A002E-8F22-4252-987E-2653363DAA7F}.Debug|x64.ActiveCfg = Debug|x64
		{179A002E-8F22-4252-987E-2653363DAA7F}.Debug|x64.Build.0 = Debug|x64
		{179A002E-8F22-4252-987E-2653363DAA7F}.Debug|x86.ActiveCfg = Debug|Win32
		{179A002E-8F22-4252-987E-2653363DAA7F}.Debug|x86.Build.0 = Debug|Win32
		{179A002E-8F22-4252-987E-2653363DAA7F}.Release|x64.ActiveCfg = Release|x64
		{179A002E-8F22-4252-987E-2653363DAA7F}.Release|x64.Build.0 = Release|x64
		{179A002E-8F22-4252-987E-2653363DAA7F}.Release|x86.ActiveCfg = Release|Win32
		{179A002E-8F22-4252-987E-2653363DAA7F}.Release|x86.Build.0 = Release|Win32
		{179A002E-8F22-4252-987E-2653363DAA7F}.Win32 Debug|x64.ActiveCfg = Debug|x64
		{179A002E-8F22-4252-987E-2653363DAA7F}.Win32 Debug|x64.Build.0 = Debug|x64
		{179A002E-8F22-4252-987E-2653363DAA7F}.Win32 Debug|x86.ActiveCfg = Debug|Win32
		{179A002E-8F22-4252-987E-2653363DAA7F}.Win32 Debug|x86.Build.0 = Debug|Win32
		{179A002E-8F22-4252-987E-2653363DAA7F}.Win32 Release|x64.ActiveCfg = Release|x64
		{179A002E-8F22-4252-987E-2653363DAA7F}.Win32 Release|x64.Build.0 = Release|x64
		{179A002E-8F22-4252-987E-2653363DAA7F}.Win32 Release|x86.ActiveCfg = Release|Win32
		{179A002E-8F22-4252-987E-2653363DAA7F}.Win32 Release|x86.Build.0 = Release|Win32
		{179A002E-8F22-4252-987E-2653363DAA7F}.wx Debug|x64.ActiveCfg = Debug|x64
		{179A002E-8F22-4252-987E-2653363DAA7F}.wx Debug|x64.Build.0 = Debug|x64
		{179A002E-8F22-4252-987E-2653363DAA7F}.wx Debug|x86.ActiveCfg = Debug|Win32
		{179A002E-8F22-4252-987E-2653363DAA7F}.wx Debug|x86.Build.0 = Debug|Win32
		{179A002E-8F22-4252-987E-2653363DAA7F}.wx Release|x64.ActiveCfg = Release|x64
		{179A002E-8F22-4252-987E-2653363DAA7F}.wx Release|x64.Build.0 = Release|x64
		{179A002E-8F22-4252-987E-2653363DAA7F}.wx Release|x86.ActiveCfg = Release|Win32
		{179A002E-8F22-4252-987E-2653363DAA7F}.wx Release|x86.Build.0 = Release|Win32
	EndGlobalSection
	GlobalSection(SolutionProperties) = preSolution
		HideSolutionNode = FALSE
	EndGlobalSection
	GlobalSection(NestedProjects) = preSolution
		{9D59F9E7-2668-4089-9AAB-E609DF7D6CAD} = {DA5A19BC-BB41-4B1F-80B3-94E45B07EF34}
		{6A47E539-4CFD-423B-B93A-B7CB5B1CE7D1} = {DA5A19BC-BB41-4B1F-80B3-94E45B07EF34}
		{C1C79913-B103-4165-A63A-09B538EE04B6} = {0BD32B90-6E80-44F3-8328-EB69CC7AEFDD}
		{EC091F82-1E1C-4B24-A41E-899CF6458295} = {C1C79913-B103-4165-A63A-09B538EE04B6}
		{B47D9786-8300-4349-AB06-5FCE239DA5C5} = {C1C79913-B103-4165-A63A-09B538EE04B6}
		{F80EC023-B987-4B57-B756-95DC6A8447BD} = {A9590955-5A94-443E-B859-4460174C8CB2}
		{7DA30EA8-57A1-46F1-AF7A-C9DDEA094396} = {A9590955-5A94-443E-B859-4460174C8CB2}
		{ABBF9FBE-F84E-4383-BBC3-2836879E5A87} = {C1C79913-B103-4165-A63A-09B538EE04B6}
		{51D9B364-87E8-40CA-BEB1-19495969E022} = {0BD32B90-6E80-44F3-8328-EB69CC7AEFDD}
		{03651BEF-6317-48D6-A248-6AC00A18CD11} = {51D9B364-87E8-40CA-BEB1-19495969E022}
		{BB1BC8A6-CC11-4E1C-8E83-A105B5AB538C} = {0BD32B90-6E80-44F3-8328-EB69CC7AEFDD}
		{D7E7C4F1-5404-450C-AD82-BD9883635D1C} = {3F3FABC8-BD1D-46B3-A631-A951CF6097D9}
		{CF7183BB-C90F-4C19-B0C1-9932AD2ABE58} = {BB1BC8A6-CC11-4E1C-8E83-A105B5AB538C}
		{4913CBB4-2D7D-4D39-B3C2-1440EBFF3953} = {BB1BC8A6-CC11-4E1C-8E83-A105B5AB538C}
		{32FDCB25-1CBD-4ADE-A0DE-2B7ED1ACFF7F} = {91EFE501-ADA9-439A-8DCF-43E71B95CBA5}
		{77908F28-9071-48C0-B528-F20A3E086E4D} = {91EFE501-ADA9-439A-8DCF-43E71B95CBA5}
		{179A002E-8F22-4252-987E-2653363DAA7F} = {C1C79913-B103-4165-A63A-09B538EE04B6}
	EndGlobalSection
	GlobalSection(ExtensibilityGlobals) = postSolution
		SolutionGuid = {E4FB488F-E741-4208-A33A-D465F1B5AB76}
	EndGlobalSection
EndGlobal
