<?xml version="1.0" encoding="UTF-8" standalone="yes" ?>
<CodeBlocks_project_file>
	<FileVersion major="1" minor="6" />
	<Project>
		<Option title="Gameboy" />
		<Option pch_mode="2" />
		<Option compiler="gcc" />
		<Build>
			<Target title="Debug">
				<Option output="libGameboy" prefix_auto="1" extension_auto="1" />
				<Option working_dir="" />
				<Option object_output="obj/Debug/" />
				<Option type="2" />
				<Option compiler="gcc" />
				<Option createDefFile="1" />
				<Compiler>
					<Add option="-Wall" />
					<Add option="-g" />
				</Compiler>
			</Target>
			<Target title="Release">
				<Option output="libGameboy" prefix_auto="1" extension_auto="1" />
				<Option working_dir="" />
				<Option object_output="obj/Release/" />
				<Option type="2" />
				<Option compiler="gcc" />
				<Option createDefFile="1" />
				<Compiler>
					<Add option="-Wall" />
					<Add option="-O2" />
				</Compiler>
				<Linker>
					<Add option="-s" />
				</Linker>
			</Target>
		</Build>
		<Compiler>
			<Add directory="../LinuxPlatform" />
			<Add directory="../Machine" />
			<Add directory="../Utility" />
		</Compiler>
		<Unit filename="ChannelController.cpp" />
		<Unit filename="ChannelController.h" />
		<Unit filename="Cpu.cpp" />
		<Unit filename="Cpu.h" />
		<Unit filename="CpuExec.cpp" />
		<Unit filename="Display.cpp" />
		<Unit filename="Display.h" />
		<Unit filename="DutyUnit.cpp" />
		<Unit filename="DutyUnit.h" />
		<Unit filename="EnvelopeUnit.cpp" />
		<Unit filename="EnvelopeUnit.h" />
		<Unit filename="Gameboy.cpp" />
		<Unit filename="Gameboy.h" />
		<Unit filename="GameboyIncludes.h" />
		<Unit filename="GameboyTypes.h" />
		<Unit filename="Input.cpp" />
		<Unit filename="Input.h" />
		<Unit filename="LengthUnit.cpp" />
		<Unit filename="LengthUnit.h" />
		<Unit filename="Mbc1.cpp" />
		<Unit filename="Mbc1.h" />
		<Unit filename="Mbc3.cpp" />
		<Unit filename="Mbc3.h" />
		<Unit filename="Mbc5.cpp" />
		<Unit filename="Mbc5.h" />
		<Unit filename="Memory.cpp" />
		<Unit filename="Memory.h" />
		<Unit filename="RomOnly.cpp" />
		<Unit filename="RomOnly.h" />
		<Unit filename="Sound.cpp" />
		<Unit filename="Sound.h" />
		<Unit filename="Sound1.cpp" />
		<Unit filename="Sound1.h" />
		<Unit filename="Sound2.cpp" />
		<Unit filename="Sound2.h" />
		<Unit filename="Sound3.cpp" />
		<Unit filename="Sound3.h" />
		<Unit filename="Sound4.cpp" />
		<Unit filename="Sound4.h" />
		<Unit filename="SoundGenerator.cpp" />
		<Unit filename="SoundGenerator.h" />
		<Extensions>
			<code_completion />
			<debugger />
		</Extensions>
	</Project>
</CodeBlocks_project_file>
