<?xml version="1.0" encoding="UTF-8" standalone="yes" ?>
<CodeBlocks_project_file>
	<FileVersion major="1" minor="6" />
	<Project>
		<Option title="wxApplication" />
		<Option platforms="Unix;Mac;" />
		<Option pch_mode="2" />
		<Option compiler="gcc" />
		<Build>
			<Target title="Debug">
				<Option output="bin/Debug/wxApplication" prefix_auto="1" extension_auto="1" />
				<Option object_output="obj/Debug/" />
				<Option type="0" />
				<Option compiler="gcc" />
				<Option projectLinkerOptionsRelation="2" />
				<Compiler>
					<Add option="-g" />
				</Compiler>
			</Target>
			<Target title="Release">
				<Option output="bin/Release/wxApplication" prefix_auto="1" extension_auto="1" />
				<Option object_output="obj/Release/" />
				<Option type="0" />
				<Option compiler="gcc" />
				<Option projectLinkerOptionsRelation="2" />
				<Compiler>
					<Add option="-O2" />
				</Compiler>
				<Linker>
					<Add option="-s" />
				</Linker>
			</Target>
		</Build>
		<Compiler>
			<Add option="-Wall" />
			<Add option="`wx-config --cflags`" />
			<Add directory="../Platform" />
			<Add directory="../Machine" />
			<Add directory="../Utility" />
			<Add directory="../BaseApplication" />
		</Compiler>
		<Linker>
			<Add option="`wx-config --libs --gl-libs`" />
			<Add library="../BaseApplication/libBaseApplication.a" />
			<Add library="../Utility/Serialization/libSerialization.a" />
			<Add library="../Utility/HqNx/libHqNx.a" />
			<Add library="../Machine/libMachine.a" />
			<Add library="../Gameboy/libGameboy.a" />
			<Add library="../LinuxPlatform/libLinuxPlatform.a" />
			<Add library="GL" />
		</Linker>
		<Unit filename="Application.cpp" />
		<Unit filename="Application.h" />
		<Unit filename="WindowMain.cpp" />
		<Unit filename="WindowMain.h" />
		<Extensions>
			<code_completion />
			<debugger />
		</Extensions>
	</Project>
</CodeBlocks_project_file>
