
Microsoft Visual Studio Solution File, Format Version 11.00
# Visual Studio 2010
Project("{2150E333-8FDC-42A3-9474-1A3956D46DE8}") = "Machine Layer", "Machine Layer", "{DA5A19BC-BB41-4B1F-80B3-94E45B07EF34}"
EndProject
Project("{2150E333-8FDC-42A3-9474-1A3956D46DE8}") = "Application Layer", "Application Layer", "{0BD32B90-6E80-44F3-8328-EB69CC7AEFDD}"
EndProject
Project("{2150E333-8FDC-42A3-9474-1A3956D46DE8}") = "Platform Layer", "Platform Layer", "{3F3FABC8-BD1D-46B3-A631-A951CF6097D9}"
EndProject
Project("{2150E333-8FDC-42A3-9474-1A3956D46DE8}") = "Utility Layer", "Utility Layer", "{A9590955-5A94-443E-B859-4460174C8CB2}"
EndProject
Project("{8BC9CEB8-8B4A-11D0-8D11-00A0C91BC942}") = "Gameboy", "Gameboy\Gameboy.vcxproj", "{9D59F9E7-2668-4089-9AAB-E609DF7D6CAD}"
EndProject
Project("{8BC9CEB8-8B4A-11D0-8D11-00A0C91BC942}") = "Machine", "Machine\Machine.vcxproj", "{6A47E539-4CFD-423B-B93A-B7CB5B1CE7D1}"
EndProject
Project("{8BC9CEB8-8B4A-11D0-8D11-00A0C91BC942}") = "WindowsPlatform", "WindowsPlatform\WindowsPlatform.vcxproj", "{DB6D23F7-7B73-4FAE-8D91-BD8B045BF89C}"
EndProject
Project("{2150E333-8FDC-42A3-9474-1A3956D46DE8}") = "WindowsApplication", "WindowsApplication", "{C1C79913-B103-4165-A63A-09B538EE04B6}"
EndProject
Project("{8BC9CEB8-8B4A-11D0-8D11-00A0C91BC942}") = "GdiPlusRenderer", "WindowsApplication\GdiPlusRenderer\GdiPlusRenderer.vcxproj", "{EC091F82-1E1C-4B24-A41E-899CF6458295}"
EndProject
Project("{8BC9CEB8-8B4A-11D0-8D11-00A0C91BC942}") = "KeyboardInput", "WindowsApplication\KeyboardInput\KeyboardInput.vcxproj", "{05E90435-3F0E-4575-8B8F-A1DA99C34B58}"
EndProject
Project("{8BC9CEB8-8B4A-11D0-8D11-00A0C91BC942}") = "OpenGLRenderer", "WindowsApplication\OpenGLRenderer\OpenGLRenderer.vcxproj", "{4913CBB4-2D7D-4D39-B3C2-1440EBFF3953}"
EndProject
Project("{8BC9CEB8-8B4A-11D0-8D11-00A0C91BC942}") = "WaveOutSound", "WindowsApplication\WaveOutSound\WaveOutSound.vcxproj", "{B47D9786-8300-4349-AB06-5FCE239DA5C5}"
EndProject
Project("{8BC9CEB8-8B4A-11D0-8D11-00A0C91BC942}") = "PhoenixGB", "WindowsApplication\Phoenix\Phoenix.vcxproj", "{ABBF9FBE-F84E-4383-BBC3-2836879E5A87}"
EndProject
Project("{8BC9CEB8-8B4A-11D0-8D11-00A0C91BC942}") = "Platform", "Platform\Platform.vcxproj", "{D7E7C4F1-5404-450C-AD82-BD9883635D1C}"
EndProject
Project("{8BC9CEB8-8B4A-11D0-8D11-00A0C91BC942}") = "HqNx", "Utility\HqNx\HqNx.vcxproj", "{F80EC023-B987-4B57-B756-95DC6A8447BD}"
EndProject
Project("{8BC9CEB8-8B4A-11D0-8D11-00A0C91BC942}") = "Serialization", "Utility\Serialization\Serialization.vcxproj", "{7DA30EA8-57A1-46F1-AF7A-C9DDEA094396}"
EndProject
Global
	GlobalSection(SolutionConfigurationPlatforms) = preSolution
		Debug|Win32 = Debug|Win32
		Release|Win32 = Release|Win32
	EndGlobalSection
	GlobalSection(ProjectConfigurationPlatforms) = postSolution
		{9D59F9E7-2668-4089-9AAB-E609DF7D6CAD}.Debug|Win32.ActiveCfg = Debug|Win32
		{9D59F9E7-2668-4089-9AAB-E609DF7D6CAD}.Debug|Win32.Build.0 = Debug|Win32
		{9D59F9E7-2668-4089-9AAB-E609DF7D6CAD}.Release|Win32.ActiveCfg = Release|Win32
		{9D59F9E7-2668-4089-9AAB-E609DF7D6CAD}.Release|Win32.Build.0 = Release|Win32
		{6A47E539-4CFD-423B-B93A-B7CB5B1CE7D1}.Debug|Win32.ActiveCfg = Debug|Win32
		{6A47E539-4CFD-423B-B93A-B7CB5B1CE7D1}.Debug|Win32.Build.0 = Debug|Win32
		{6A47E539-4CFD-423B-B93A-B7CB5B1CE7D1}.Release|Win32.ActiveCfg = Release|Win32
		{6A47E539-4CFD-423B-B93A-B7CB5B1CE7D1}.Release|Win32.Build.0 = Release|Win32
		{DB6D23F7-7B73-4FAE-8D91-BD8B045BF89C}.Debug|Win32.ActiveCfg = Debug|Win32
		{DB6D23F7-7B73-4FAE-8D91-BD8B045BF89C}.Debug|Win32.Build.0 = Debug|Win32
		{DB6D23F7-7B73-4FAE-8D91-BD8B045BF89C}.Release|Win32.ActiveCfg = Release|Win32
		{DB6D23F7-7B73-4FAE-8D91-BD8B045BF89C}.Release|Win32.Build.0 = Release|Win32
		{EC091F82-1E1C-4B24-A41E-899CF6458295}.Debug|Win32.ActiveCfg = Debug|Win32
		{EC091F82-1E1C-4B24-A41E-899CF6458295}.Debug|Win32.Build.0 = Debug|Win32
		{EC091F82-1E1C-4B24-A41E-899CF6458295}.Release|Win32.ActiveCfg = Release|Win32
		{EC091F82-1E1C-4B24-A41E-899CF6458295}.Release|Win32.Build.0 = Release|Win32
		{05E90435-3F0E-4575-8B8F-A1DA99C34B58}.Debug|Win32.ActiveCfg = Debug|Win32
		{05E90435-3F0E-4575-8B8F-A1DA99C34B58}.Debug|Win32.Build.0 = Debug|Win32
		{05E90435-3F0E-4575-8B8F-A1DA99C34B58}.Release|Win32.ActiveCfg = Release|Win32
		{05E90435-3F0E-4575-8B8F-A1DA99C34B58}.Release|Win32.Build.0 = Release|Win32
		{4913CBB4-2D7D-4D39-B3C2-1440EBFF3953}.Debug|Win32.ActiveCfg = Debug|Win32
		{4913CBB4-2D7D-4D39-B3C2-1440EBFF3953}.Debug|Win32.Build.0 = Debug|Win32
		{4913CBB4-2D7D-4D39-B3C2-1440EBFF3953}.Release|Win32.ActiveCfg = Release|Win32
		{4913CBB4-2D7D-4D39-B3C2-1440EBFF3953}.Release|Win32.Build.0 = Release|Win32
		{B47D9786-8300-4349-AB06-5FCE239DA5C5}.Debug|Win32.ActiveCfg = Debug|Win32
		{B47D9786-8300-4349-AB06-5FCE239DA5C5}.Debug|Win32.Build.0 = Debug|Win32
		{B47D9786-8300-4349-AB06-5FCE239DA5C5}.Release|Win32.ActiveCfg = Release|Win32
		{B47D9786-8300-4349-AB06-5FCE239DA5C5}.Release|Win32.Build.0 = Release|Win32
		{ABBF9FBE-F84E-4383-BBC3-2836879E5A87}.Debug|Win32.ActiveCfg = Debug|Win32
		{ABBF9FBE-F84E-4383-BBC3-2836879E5A87}.Debug|Win32.Build.0 = Debug|Win32
		{ABBF9FBE-F84E-4383-BBC3-2836879E5A87}.Release|Win32.ActiveCfg = Release|Win32
		{ABBF9FBE-F84E-4383-BBC3-2836879E5A87}.Release|Win32.Build.0 = Release|Win32
		{D7E7C4F1-5404-450C-AD82-BD9883635D1C}.Debug|Win32.ActiveCfg = Debug|Win32
		{D7E7C4F1-5404-450C-AD82-BD9883635D1C}.Debug|Win32.Build.0 = Debug|Win32
		{D7E7C4F1-5404-450C-AD82-BD9883635D1C}.Release|Win32.ActiveCfg = Release|Win32
		{D7E7C4F1-5404-450C-AD82-BD9883635D1C}.Release|Win32.Build.0 = Release|Win32
		{F80EC023-B987-4B57-B756-95DC6A8447BD}.Debug|Win32.ActiveCfg = Debug|Win32
		{F80EC023-B987-4B57-B756-95DC6A8447BD}.Debug|Win32.Build.0 = Debug|Win32
		{F80EC023-B987-4B57-B756-95DC6A8447BD}.Release|Win32.ActiveCfg = Release|Win32
		{F80EC023-B987-4B57-B756-95DC6A8447BD}.Release|Win32.Build.0 = Release|Win32
		{7DA30EA8-57A1-46F1-AF7A-C9DDEA094396}.Debug|Win32.ActiveCfg = Debug|Win32
		{7DA30EA8-57A1-46F1-AF7A-C9DDEA094396}.Debug|Win32.Build.0 = Debug|Win32
		{7DA30EA8-57A1-46F1-AF7A-C9DDEA094396}.Release|Win32.ActiveCfg = Release|Win32
		{7DA30EA8-57A1-46F1-AF7A-C9DDEA094396}.Release|Win32.Build.0 = Release|Win32
	EndGlobalSection
	GlobalSection(SolutionProperties) = preSolution
		HideSolutionNode = FALSE
	EndGlobalSection
	GlobalSection(NestedProjects) = preSolution
		{9D59F9E7-2668-4089-9AAB-E609DF7D6CAD} = {DA5A19BC-BB41-4B1F-80B3-94E45B07EF34}
		{6A47E539-4CFD-423B-B93A-B7CB5B1CE7D1} = {DA5A19BC-BB41-4B1F-80B3-94E45B07EF34}
		{C1C79913-B103-4165-A63A-09B538EE04B6} = {0BD32B90-6E80-44F3-8328-EB69CC7AEFDD}
		{DB6D23F7-7B73-4FAE-8D91-BD8B045BF89C} = {3F3FABC8-BD1D-46B3-A631-A951CF6097D9}
		{D7E7C4F1-5404-450C-AD82-BD9883635D1C} = {3F3FABC8-BD1D-46B3-A631-A951CF6097D9}
		{F80EC023-B987-4B57-B756-95DC6A8447BD} = {A9590955-5A94-443E-B859-4460174C8CB2}
		{7DA30EA8-57A1-46F1-AF7A-C9DDEA094396} = {A9590955-5A94-443E-B859-4460174C8CB2}
		{EC091F82-1E1C-4B24-A41E-899CF6458295} = {C1C79913-B103-4165-A63A-09B538EE04B6}
		{05E90435-3F0E-4575-8B8F-A1DA99C34B58} = {C1C79913-B103-4165-A63A-09B538EE04B6}
		{4913CBB4-2D7D-4D39-B3C2-1440EBFF3953} = {C1C79913-B103-4165-A63A-09B538EE04B6}
		{B47D9786-8300-4349-AB06-5FCE239DA5C5} = {C1C79913-B103-4165-A63A-09B538EE04B6}
		{ABBF9FBE-F84E-4383-BBC3-2836879E5A87} = {C1C79913-B103-4165-A63A-09B538EE04B6}
	EndGlobalSection
EndGlobal
